// !$*UTF8*$!
{
	archiveVersion = 1;
	classes = {
	};
	objectVersion = 46;
	objects = {

/* Begin PBXBuildFile section */
		5E1E11D71834F81500307C8F /* MessageUI.framework in Frameworks */ = {isa = PBXBuildFile; fileRef = 5E1E11D61834F81500307C8F /* MessageUI.framework */; };
		5E1E11D91834F82600307C8F /* SystemConfiguration.framework in Frameworks */ = {isa = PBXBuildFile; fileRef = 5E1E11D81834F82600307C8F /* SystemConfiguration.framework */; };
		5E1E11DB18350D0500307C8F /* CoreLocation.framework in Frameworks */ = {isa = PBXBuildFile; fileRef = 5E1E11DA18350D0500307C8F /* CoreLocation.framework */; };
		5E1E11DD18350D1500307C8F /* MediaPlayer.framework in Frameworks */ = {isa = PBXBuildFile; fileRef = 5E1E11DC18350D1500307C8F /* MediaPlayer.framework */; };
		5E1E11DF18350D3100307C8F /* StoreKit.framework in Frameworks */ = {isa = PBXBuildFile; fileRef = 5E1E11DE18350D3100307C8F /* StoreKit.framework */; };
		5E1E11EC18350EBA00307C8F /* libGoogleAdMobAds.a in Frameworks */ = {isa = PBXBuildFile; fileRef = 5E1E11EA18350EBA00307C8F /* libGoogleAdMobAds.a */; };
		5E1E11ED18350EBB00307C8F /* README.txt in Resources */ = {isa = PBXBuildFile; fileRef = 5E1E11EB18350EBA00307C8F /* README.txt */; };
		5E1E11EF18350F1100307C8F /* AdSupport.framework in Frameworks */ = {isa = PBXBuildFile; fileRef = 5E1E11EE18350F1100307C8F /* AdSupport.framework */; };
		5E1E11F11836A4AD00307C8F /* iAd.framework in Frameworks */ = {isa = PBXBuildFile; fileRef = 5E1E11F01836A4AD00307C8F /* iAd.framework */; };
		5E42589718192B7F00171F1F /* Localizable.strings in Resources */ = {isa = PBXBuildFile; fileRef = 5E42589918192B7F00171F1F /* Localizable.strings */; };
		5E42589C181CF29300171F1F /* QuartzCore.framework in Frameworks */ = {isa = PBXBuildFile; fileRef = 5E42589B181CF29300171F1F /* QuartzCore.framework */; };
		5E6F4B2B18117F7600312CCD /* Foundation.framework in Frameworks */ = {isa = PBXBuildFile; fileRef = 5E6F4B2A18117F7600312CCD /* Foundation.framework */; };
		5E6F4B2D18117F7600312CCD /* CoreGraphics.framework in Frameworks */ = {isa = PBXBuildFile; fileRef = 5E6F4B2C18117F7600312CCD /* CoreGraphics.framework */; };
		5E6F4B2F18117F7600312CCD /* UIKit.framework in Frameworks */ = {isa = PBXBuildFile; fileRef = 5E6F4B2E18117F7600312CCD /* UIKit.framework */; };
		5E6F4B3518117F7600312CCD /* InfoPlist.strings in Resources */ = {isa = PBXBuildFile; fileRef = 5E6F4B3318117F7600312CCD /* InfoPlist.strings */; };
		5E6F4B3718117F7600312CCD /* main.m in Sources */ = {isa = PBXBuildFile; fileRef = 5E6F4B3618117F7600312CCD /* main.m */; };
		5E6F4B3B18117F7600312CCD /* AppDelegate.m in Sources */ = {isa = PBXBuildFile; fileRef = 5E6F4B3A18117F7600312CCD /* AppDelegate.m */; };
		5E6F4B3E18117F7600312CCD /* Main_iPhone.storyboard in Resources */ = {isa = PBXBuildFile; fileRef = 5E6F4B3C18117F7600312CCD /* Main_iPhone.storyboard */; };
		5E6F4B4118117F7600312CCD /* Main_iPad.storyboard in Resources */ = {isa = PBXBuildFile; fileRef = 5E6F4B3F18117F7600312CCD /* Main_iPad.storyboard */; };
		5E6F4B4418117F7600312CCD /* ViewController.m in Sources */ = {isa = PBXBuildFile; fileRef = 5E6F4B4318117F7600312CCD /* ViewController.m */; };
		5E6F4B4618117F7600312CCD /* Images.xcassets in Resources */ = {isa = PBXBuildFile; fileRef = 5E6F4B4518117F7600312CCD /* Images.xcassets */; };
		5E6F4B4D18117F7600312CCD /* XCTest.framework in Frameworks */ = {isa = PBXBuildFile; fileRef = 5E6F4B4C18117F7600312CCD /* XCTest.framework */; };
		5E6F4B4E18117F7600312CCD /* Foundation.framework in Frameworks */ = {isa = PBXBuildFile; fileRef = 5E6F4B2A18117F7600312CCD /* Foundation.framework */; };
		5E6F4B4F18117F7700312CCD /* UIKit.framework in Frameworks */ = {isa = PBXBuildFile; fileRef = 5E6F4B2E18117F7600312CCD /* UIKit.framework */; };
		5E6F4B5718117F7700312CCD /* InfoPlist.strings in Resources */ = {isa = PBXBuildFile; fileRef = 5E6F4B5518117F7700312CCD /* InfoPlist.strings */; };
		5E6F4B5918117F7700312CCD /* DesignKichinTimerTests.m in Sources */ = {isa = PBXBuildFile; fileRef = 5E6F4B5818117F7700312CCD /* DesignKichinTimerTests.m */; };
		5E711E4618191B0000E7AA83 /* .gitattributes in Resources */ = {isa = PBXBuildFile; fileRef = 5E711E4518191B0000E7AA83 /* .gitattributes */; };
		5EA2C0A01811865E00B0FC3D /* .gitignore in Resources */ = {isa = PBXBuildFile; fileRef = 5EA2C09F1811865E00B0FC3D /* .gitignore */; };
		5EC2DCC6182C77B1003E1D5C /* AudioToolbox.framework in Frameworks */ = {isa = PBXBuildFile; fileRef = 5EC2DCC5182C77B1003E1D5C /* AudioToolbox.framework */; };
		5EC2DCCA182FCEB8003E1D5C /* AVFoundation.framework in Frameworks */ = {isa = PBXBuildFile; fileRef = 5EC2DCC9182FCEB8003E1D5C /* AVFoundation.framework */; };
		5EC2DCD21830A52A003E1D5C /* pi_old.mp3 in Resources */ = {isa = PBXBuildFile; fileRef = 5EC2DCD11830A52A003E1D5C /* pi_old.mp3 */; };
		5ECB0D271832038400103C18 /* piLong.mp3 in Resources */ = {isa = PBXBuildFile; fileRef = 5ECB0D261832038400103C18 /* piLong.mp3 */; };
		5ECB0D371832173700103C18 /* pi_mono.mp3 in Resources */ = {isa = PBXBuildFile; fileRef = 5ECB0D361832173700103C18 /* pi_mono.mp3 */; };
		5EF21EC81839260C00C079F0 /* Icon-76.png in Resources */ = {isa = PBXBuildFile; fileRef = 5EF21EC41839260C00C079F0 /* Icon-76.png */; };
		5EF21EC91839260C00C079F0 /* Icon-76@2x.png in Resources */ = {isa = PBXBuildFile; fileRef = 5EF21EC51839260C00C079F0 /* Icon-76@2x.png */; };
		5EF21ECA1839260C00C079F0 /* Icon-60.png in Resources */ = {isa = PBXBuildFile; fileRef = 5EF21EC61839260C00C079F0 /* Icon-60.png */; };
		5EF21ECB1839260C00C079F0 /* Icon-60@2x.png in Resources */ = {isa = PBXBuildFile; fileRef = 5EF21EC71839260C00C079F0 /* Icon-60@2x.png */; };
/* End PBXBuildFile section */

/* Begin PBXContainerItemProxy section */
		5E6F4B5018117F7700312CCD /* PBXContainerItemProxy */ = {
			isa = PBXContainerItemProxy;
			containerPortal = 5E6F4B1F18117F7600312CCD /* Project object */;
			proxyType = 1;
			remoteGlobalIDString = 5E6F4B2618117F7600312CCD;
			remoteInfo = DesignKichinTimer;
		};
/* End PBXContainerItemProxy section */

/* Begin PBXFileReference section */
		5E1E11D61834F81500307C8F /* MessageUI.framework */ = {isa = PBXFileReference; lastKnownFileType = wrapper.framework; name = MessageUI.framework; path = System/Library/Frameworks/MessageUI.framework; sourceTree = SDKROOT; };
		5E1E11D81834F82600307C8F /* SystemConfiguration.framework */ = {isa = PBXFileReference; lastKnownFileType = wrapper.framework; name = SystemConfiguration.framework; path = System/Library/Frameworks/SystemConfiguration.framework; sourceTree = SDKROOT; };
		5E1E11DA18350D0500307C8F /* CoreLocation.framework */ = {isa = PBXFileReference; lastKnownFileType = wrapper.framework; name = CoreLocation.framework; path = System/Library/Frameworks/CoreLocation.framework; sourceTree = SDKROOT; };
		5E1E11DC18350D1500307C8F /* MediaPlayer.framework */ = {isa = PBXFileReference; lastKnownFileType = wrapper.framework; name = MediaPlayer.framework; path = System/Library/Frameworks/MediaPlayer.framework; sourceTree = SDKROOT; };
		5E1E11DE18350D3100307C8F /* StoreKit.framework */ = {isa = PBXFileReference; lastKnownFileType = wrapper.framework; name = StoreKit.framework; path = System/Library/Frameworks/StoreKit.framework; sourceTree = SDKROOT; };
		5E1E11E118350EBA00307C8F /* GADAdMobExtras.h */ = {isa = PBXFileReference; fileEncoding = 4; lastKnownFileType = sourcecode.c.h; path = GADAdMobExtras.h; sourceTree = "<group>"; };
		5E1E11E218350EBA00307C8F /* GADAdNetworkExtras.h */ = {isa = PBXFileReference; fileEncoding = 4; lastKnownFileType = sourcecode.c.h; path = GADAdNetworkExtras.h; sourceTree = "<group>"; };
		5E1E11E318350EBA00307C8F /* GADAdSize.h */ = {isa = PBXFileReference; fileEncoding = 4; lastKnownFileType = sourcecode.c.h; path = GADAdSize.h; sourceTree = "<group>"; };
		5E1E11E418350EBA00307C8F /* GADBannerView.h */ = {isa = PBXFileReference; fileEncoding = 4; lastKnownFileType = sourcecode.c.h; path = GADBannerView.h; sourceTree = "<group>"; };
		5E1E11E518350EBA00307C8F /* GADBannerViewDelegate.h */ = {isa = PBXFileReference; fileEncoding = 4; lastKnownFileType = sourcecode.c.h; path = GADBannerViewDelegate.h; sourceTree = "<group>"; };
		5E1E11E618350EBA00307C8F /* GADInterstitial.h */ = {isa = PBXFileReference; fileEncoding = 4; lastKnownFileType = sourcecode.c.h; path = GADInterstitial.h; sourceTree = "<group>"; };
		5E1E11E718350EBA00307C8F /* GADInterstitialDelegate.h */ = {isa = PBXFileReference; fileEncoding = 4; lastKnownFileType = sourcecode.c.h; path = GADInterstitialDelegate.h; sourceTree = "<group>"; };
		5E1E11E818350EBA00307C8F /* GADRequest.h */ = {isa = PBXFileReference; fileEncoding = 4; lastKnownFileType = sourcecode.c.h; path = GADRequest.h; sourceTree = "<group>"; };
		5E1E11E918350EBA00307C8F /* GADRequestError.h */ = {isa = PBXFileReference; fileEncoding = 4; lastKnownFileType = sourcecode.c.h; path = GADRequestError.h; sourceTree = "<group>"; };
		5E1E11EA18350EBA00307C8F /* libGoogleAdMobAds.a */ = {isa = PBXFileReference; lastKnownFileType = archive.ar; path = libGoogleAdMobAds.a; sourceTree = "<group>"; };
		5E1E11EB18350EBA00307C8F /* README.txt */ = {isa = PBXFileReference; fileEncoding = 4; lastKnownFileType = text; path = README.txt; sourceTree = "<group>"; };
		5E1E11EE18350F1100307C8F /* AdSupport.framework */ = {isa = PBXFileReference; lastKnownFileType = wrapper.framework; name = AdSupport.framework; path = System/Library/Frameworks/AdSupport.framework; sourceTree = SDKROOT; };
		5E1E11F01836A4AD00307C8F /* iAd.framework */ = {isa = PBXFileReference; lastKnownFileType = wrapper.framework; name = iAd.framework; path = System/Library/Frameworks/iAd.framework; sourceTree = SDKROOT; };
		5E243BD9182504DC005C31D2 /* en */ = {isa = PBXFileReference; lastKnownFileType = text.plist.strings; name = en; path = en.lproj/Localizable.strings; sourceTree = "<group>"; };
		5E243BDA182504E7005C31D2 /* Base */ = {isa = PBXFileReference; lastKnownFileType = text.plist.strings; name = Base; path = Base.lproj/InfoPlist.strings; sourceTree = "<group>"; };
		5E42589418192B2600171F1F /* ja */ = {isa = PBXFileReference; lastKnownFileType = text.plist.strings; name = ja; path = ja.lproj/InfoPlist.strings; sourceTree = "<group>"; };
		5E42589818192B7F00171F1F /* Base */ = {isa = PBXFileReference; lastKnownFileType = text.plist.strings; name = Base; path = Base.lproj/Localizable.strings; sourceTree = "<group>"; };
		5E42589A18192B8800171F1F /* ja */ = {isa = PBXFileReference; lastKnownFileType = text.plist.strings; name = ja; path = ja.lproj/Localizable.strings; sourceTree = "<group>"; };
		5E42589B181CF29300171F1F /* QuartzCore.framework */ = {isa = PBXFileReference; lastKnownFileType = wrapper.framework; name = QuartzCore.framework; path = System/Library/Frameworks/QuartzCore.framework; sourceTree = SDKROOT; };
		5E6F4B2718117F7600312CCD /* DesignKichinTimer.app */ = {isa = PBXFileReference; explicitFileType = wrapper.application; includeInIndex = 0; path = DesignKichinTimer.app; sourceTree = BUILT_PRODUCTS_DIR; };
		5E6F4B2A18117F7600312CCD /* Foundation.framework */ = {isa = PBXFileReference; lastKnownFileType = wrapper.framework; name = Foundation.framework; path = System/Library/Frameworks/Foundation.framework; sourceTree = SDKROOT; };
		5E6F4B2C18117F7600312CCD /* CoreGraphics.framework */ = {isa = PBXFileReference; lastKnownFileType = wrapper.framework; name = CoreGraphics.framework; path = System/Library/Frameworks/CoreGraphics.framework; sourceTree = SDKROOT; };
		5E6F4B2E18117F7600312CCD /* UIKit.framework */ = {isa = PBXFileReference; lastKnownFileType = wrapper.framework; name = UIKit.framework; path = System/Library/Frameworks/UIKit.framework; sourceTree = SDKROOT; };
		5E6F4B3218117F7600312CCD /* DesignKichinTimer-Info.plist */ = {isa = PBXFileReference; lastKnownFileType = text.plist.xml; path = "DesignKichinTimer-Info.plist"; sourceTree = "<group>"; };
		5E6F4B3418117F7600312CCD /* en */ = {isa = PBXFileReference; lastKnownFileType = text.plist.strings; name = en; path = en.lproj/InfoPlist.strings; sourceTree = "<group>"; };
		5E6F4B3618117F7600312CCD /* main.m */ = {isa = PBXFileReference; lastKnownFileType = sourcecode.c.objc; path = main.m; sourceTree = "<group>"; };
		5E6F4B3818117F7600312CCD /* DesignKichinTimer-Prefix.pch */ = {isa = PBXFileReference; lastKnownFileType = sourcecode.c.h; path = "DesignKichinTimer-Prefix.pch"; sourceTree = "<group>"; };
		5E6F4B3918117F7600312CCD /* AppDelegate.h */ = {isa = PBXFileReference; lastKnownFileType = sourcecode.c.h; path = AppDelegate.h; sourceTree = "<group>"; };
		5E6F4B3A18117F7600312CCD /* AppDelegate.m */ = {isa = PBXFileReference; lastKnownFileType = sourcecode.c.objc; path = AppDelegate.m; sourceTree = "<group>"; };
		5E6F4B3D18117F7600312CCD /* Base */ = {isa = PBXFileReference; lastKnownFileType = file.storyboard; name = Base; path = Base.lproj/Main_iPhone.storyboard; sourceTree = "<group>"; };
		5E6F4B4018117F7600312CCD /* Base */ = {isa = PBXFileReference; lastKnownFileType = file.storyboard; name = Base; path = Base.lproj/Main_iPad.storyboard; sourceTree = "<group>"; };
		5E6F4B4218117F7600312CCD /* ViewController.h */ = {isa = PBXFileReference; lastKnownFileType = sourcecode.c.h; path = ViewController.h; sourceTree = "<group>"; };
		5E6F4B4318117F7600312CCD /* ViewController.m */ = {isa = PBXFileReference; lastKnownFileType = sourcecode.c.objc; path = ViewController.m; sourceTree = "<group>"; };
		5E6F4B4518117F7600312CCD /* Images.xcassets */ = {isa = PBXFileReference; lastKnownFileType = folder.assetcatalog; path = Images.xcassets; sourceTree = "<group>"; };
		5E6F4B4B18117F7600312CCD /* DesignKichinTimerTests.xctest */ = {isa = PBXFileReference; explicitFileType = wrapper.cfbundle; includeInIndex = 0; path = DesignKichinTimerTests.xctest; sourceTree = BUILT_PRODUCTS_DIR; };
		5E6F4B4C18117F7600312CCD /* XCTest.framework */ = {isa = PBXFileReference; lastKnownFileType = wrapper.framework; name = XCTest.framework; path = Library/Frameworks/XCTest.framework; sourceTree = DEVELOPER_DIR; };
		5E6F4B5418117F7700312CCD /* DesignKichinTimerTests-Info.plist */ = {isa = PBXFileReference; lastKnownFileType = text.plist.xml; path = "DesignKichinTimerTests-Info.plist"; sourceTree = "<group>"; };
		5E6F4B5618117F7700312CCD /* en */ = {isa = PBXFileReference; lastKnownFileType = text.plist.strings; name = en; path = en.lproj/InfoPlist.strings; sourceTree = "<group>"; };
		5E6F4B5818117F7700312CCD /* DesignKichinTimerTests.m */ = {isa = PBXFileReference; lastKnownFileType = sourcecode.c.objc; path = DesignKichinTimerTests.m; sourceTree = "<group>"; };
		5E711E4518191B0000E7AA83 /* .gitattributes */ = {isa = PBXFileReference; fileEncoding = 4; lastKnownFileType = text; path = .gitattributes; sourceTree = "<group>"; };
		5EA2C09F1811865E00B0FC3D /* .gitignore */ = {isa = PBXFileReference; fileEncoding = 4; lastKnownFileType = text; name = .gitignore; path = DesignKichinTimer/.gitignore; sourceTree = "<group>"; };
		5EC2DCC5182C77B1003E1D5C /* AudioToolbox.framework */ = {isa = PBXFileReference; lastKnownFileType = wrapper.framework; name = AudioToolbox.framework; path = System/Library/Frameworks/AudioToolbox.framework; sourceTree = SDKROOT; };
		5EC2DCC9182FCEB8003E1D5C /* AVFoundation.framework */ = {isa = PBXFileReference; lastKnownFileType = wrapper.framework; name = AVFoundation.framework; path = System/Library/Frameworks/AVFoundation.framework; sourceTree = SDKROOT; };
		5EC2DCD11830A52A003E1D5C /* pi_old.mp3 */ = {isa = PBXFileReference; lastKnownFileType = audio.mp3; path = pi_old.mp3; sourceTree = "<group>"; };
		5ECB0D261832038400103C18 /* piLong.mp3 */ = {isa = PBXFileReference; lastKnownFileType = audio.mp3; path = piLong.mp3; sourceTree = "<group>"; };
		5ECB0D361832173700103C18 /* pi_mono.mp3 */ = {isa = PBXFileReference; lastKnownFileType = audio.mp3; path = pi_mono.mp3; sourceTree = "<group>"; };
		5EF21EC41839260C00C079F0 /* Icon-76.png */ = {isa = PBXFileReference; lastKnownFileType = image.png; path = "Icon-76.png"; sourceTree = "<group>"; };
		5EF21EC51839260C00C079F0 /* Icon-76@2x.png */ = {isa = PBXFileReference; lastKnownFileType = image.png; path = "Icon-76@2x.png"; sourceTree = "<group>"; };
		5EF21EC61839260C00C079F0 /* Icon-60.png */ = {isa = PBXFileReference; lastKnownFileType = image.png; path = "Icon-60.png"; sourceTree = "<group>"; };
		5EF21EC71839260C00C079F0 /* Icon-60@2x.png */ = {isa = PBXFileReference; lastKnownFileType = image.png; path = "Icon-60@2x.png"; sourceTree = "<group>"; };
/* End PBXFileReference section */

/* Begin PBXFrameworksBuildPhase section */
		5E6F4B2418117F7600312CCD /* Frameworks */ = {
			isa = PBXFrameworksBuildPhase;
			buildActionMask = 2147483647;
			files = (
				5E1E11F11836A4AD00307C8F /* iAd.framework in Frameworks */,
				5E1E11EF18350F1100307C8F /* AdSupport.framework in Frameworks */,
				5E1E11DF18350D3100307C8F /* StoreKit.framework in Frameworks */,
				5E1E11DD18350D1500307C8F /* MediaPlayer.framework in Frameworks */,
				5E1E11DB18350D0500307C8F /* CoreLocation.framework in Frameworks */,
				5E1E11D91834F82600307C8F /* SystemConfiguration.framework in Frameworks */,
				5E1E11D71834F81500307C8F /* MessageUI.framework in Frameworks */,
				5E1E11EC18350EBA00307C8F /* libGoogleAdMobAds.a in Frameworks */,
				5EC2DCCA182FCEB8003E1D5C /* AVFoundation.framework in Frameworks */,
				5EC2DCC6182C77B1003E1D5C /* AudioToolbox.framework in Frameworks */,
				5E42589C181CF29300171F1F /* QuartzCore.framework in Frameworks */,
				5E6F4B2D18117F7600312CCD /* CoreGraphics.framework in Frameworks */,
				5E6F4B2F18117F7600312CCD /* UIKit.framework in Frameworks */,
				5E6F4B2B18117F7600312CCD /* Foundation.framework in Frameworks */,
			);
			runOnlyForDeploymentPostprocessing = 0;
		};
		5E6F4B4818117F7600312CCD /* Frameworks */ = {
			isa = PBXFrameworksBuildPhase;
			buildActionMask = 2147483647;
			files = (
				5E6F4B4D18117F7600312CCD /* XCTest.framework in Frameworks */,
				5E6F4B4F18117F7700312CCD /* UIKit.framework in Frameworks */,
				5E6F4B4E18117F7600312CCD /* Foundation.framework in Frameworks */,
			);
			runOnlyForDeploymentPostprocessing = 0;
		};
/* End PBXFrameworksBuildPhase section */

/* Begin PBXGroup section */
		5E1E11E018350DF000307C8F /* New Group */ = {
			isa = PBXGroup;
			children = (
				5E1E11E118350EBA00307C8F /* GADAdMobExtras.h */,
				5E1E11E218350EBA00307C8F /* GADAdNetworkExtras.h */,
				5E1E11E318350EBA00307C8F /* GADAdSize.h */,
				5E1E11E418350EBA00307C8F /* GADBannerView.h */,
				5E1E11E518350EBA00307C8F /* GADBannerViewDelegate.h */,
				5E1E11E618350EBA00307C8F /* GADInterstitial.h */,
				5E1E11E718350EBA00307C8F /* GADInterstitialDelegate.h */,
				5E1E11E818350EBA00307C8F /* GADRequest.h */,
				5E1E11E918350EBA00307C8F /* GADRequestError.h */,
				5E1E11EA18350EBA00307C8F /* libGoogleAdMobAds.a */,
				5E1E11EB18350EBA00307C8F /* README.txt */,
			);
			name = "New Group";
			sourceTree = "<group>";
		};
		5E6F4B1E18117F7600312CCD = {
			isa = PBXGroup;
			children = (
				5EF21EC41839260C00C079F0 /* Icon-76.png */,
				5EF21EC51839260C00C079F0 /* Icon-76@2x.png */,
				5EF21EC61839260C00C079F0 /* Icon-60.png */,
				5EF21EC71839260C00C079F0 /* Icon-60@2x.png */,
				5E1E11E018350DF000307C8F /* New Group */,
				5E711E4518191B0000E7AA83 /* .gitattributes */,
				5EA2C09F1811865E00B0FC3D /* .gitignore */,
				5E6F4B3018117F7600312CCD /* DesignKichinTimer */,
				5E6F4B5218117F7700312CCD /* DesignKichinTimerTests */,
				5E6F4B2918117F7600312CCD /* Frameworks */,
				5E6F4B2818117F7600312CCD /* Products */,
			);
			sourceTree = "<group>";
		};
		5E6F4B2818117F7600312CCD /* Products */ = {
			isa = PBXGroup;
			children = (
				5E6F4B2718117F7600312CCD /* DesignKichinTimer.app */,
				5E6F4B4B18117F7600312CCD /* DesignKichinTimerTests.xctest */,
			);
			name = Products;
			sourceTree = "<group>";
		};
		5E6F4B2918117F7600312CCD /* Frameworks */ = {
			isa = PBXGroup;
			children = (
				5E1E11F01836A4AD00307C8F /* iAd.framework */,
				5E1E11EE18350F1100307C8F /* AdSupport.framework */,
				5E1E11DE18350D3100307C8F /* StoreKit.framework */,
				5E1E11DC18350D1500307C8F /* MediaPlayer.framework */,
				5E1E11DA18350D0500307C8F /* CoreLocation.framework */,
				5E1E11D81834F82600307C8F /* SystemConfiguration.framework */,
				5E1E11D61834F81500307C8F /* MessageUI.framework */,
				5EC2DCC9182FCEB8003E1D5C /* AVFoundation.framework */,
				5EC2DCC5182C77B1003E1D5C /* AudioToolbox.framework */,
				5E42589B181CF29300171F1F /* QuartzCore.framework */,
				5E6F4B2A18117F7600312CCD /* Foundation.framework */,
				5E6F4B2C18117F7600312CCD /* CoreGraphics.framework */,
				5E6F4B2E18117F7600312CCD /* UIKit.framework */,
				5E6F4B4C18117F7600312CCD /* XCTest.framework */,
			);
			name = Frameworks;
			sourceTree = "<group>";
		};
		5E6F4B3018117F7600312CCD /* DesignKichinTimer */ = {
			isa = PBXGroup;
			children = (
				5E6F4B3918117F7600312CCD /* AppDelegate.h */,
				5E6F4B3A18117F7600312CCD /* AppDelegate.m */,
				5E6F4B3C18117F7600312CCD /* Main_iPhone.storyboard */,
				5E6F4B3F18117F7600312CCD /* Main_iPad.storyboard */,
				5E6F4B4218117F7600312CCD /* ViewController.h */,
				5E6F4B4318117F7600312CCD /* ViewController.m */,
				5E6F4B4518117F7600312CCD /* Images.xcassets */,
				5E6F4B3118117F7600312CCD /* Supporting Files */,
			);
			path = DesignKichinTimer;
			sourceTree = "<group>";
		};
		5E6F4B3118117F7600312CCD /* Supporting Files */ = {
			isa = PBXGroup;
			children = (
				5ECB0D361832173700103C18 /* pi_mono.mp3 */,
				5ECB0D261832038400103C18 /* piLong.mp3 */,
				5EC2DCD11830A52A003E1D5C /* pi_old.mp3 */,
				5E6F4B3218117F7600312CCD /* DesignKichinTimer-Info.plist */,
				5E6F4B3318117F7600312CCD /* InfoPlist.strings */,
				5E6F4B3618117F7600312CCD /* main.m */,
				5E6F4B3818117F7600312CCD /* DesignKichinTimer-Prefix.pch */,
				5E42589918192B7F00171F1F /* Localizable.strings */,
			);
			name = "Supporting Files";
			sourceTree = "<group>";
		};
		5E6F4B5218117F7700312CCD /* DesignKichinTimerTests */ = {
			isa = PBXGroup;
			children = (
				5E6F4B5818117F7700312CCD /* DesignKichinTimerTests.m */,
				5E6F4B5318117F7700312CCD /* Supporting Files */,
			);
			path = DesignKichinTimerTests;
			sourceTree = "<group>";
		};
		5E6F4B5318117F7700312CCD /* Supporting Files */ = {
			isa = PBXGroup;
			children = (
				5E6F4B5418117F7700312CCD /* DesignKichinTimerTests-Info.plist */,
				5E6F4B5518117F7700312CCD /* InfoPlist.strings */,
			);
			name = "Supporting Files";
			sourceTree = "<group>";
		};
/* End PBXGroup section */

/* Begin PBXNativeTarget section */
		5E6F4B2618117F7600312CCD /* DesignKichinTimer */ = {
			isa = PBXNativeTarget;
			buildConfigurationList = 5E6F4B5C18117F7700312CCD /* Build configuration list for PBXNativeTarget "DesignKichinTimer" */;
			buildPhases = (
				5E6F4B2318117F7600312CCD /* Sources */,
				5E6F4B2418117F7600312CCD /* Frameworks */,
				5E6F4B2518117F7600312CCD /* Resources */,
			);
			buildRules = (
			);
			dependencies = (
			);
			name = DesignKichinTimer;
			productName = DesignKichinTimer;
			productReference = 5E6F4B2718117F7600312CCD /* DesignKichinTimer.app */;
			productType = "com.apple.product-type.application";
		};
		5E6F4B4A18117F7600312CCD /* DesignKichinTimerTests */ = {
			isa = PBXNativeTarget;
			buildConfigurationList = 5E6F4B5F18117F7700312CCD /* Build configuration list for PBXNativeTarget "DesignKichinTimerTests" */;
			buildPhases = (
				5E6F4B4718117F7600312CCD /* Sources */,
				5E6F4B4818117F7600312CCD /* Frameworks */,
				5E6F4B4918117F7600312CCD /* Resources */,
			);
			buildRules = (
			);
			dependencies = (
				5E6F4B5118117F7700312CCD /* PBXTargetDependency */,
			);
			name = DesignKichinTimerTests;
			productName = DesignKichinTimerTests;
			productReference = 5E6F4B4B18117F7600312CCD /* DesignKichinTimerTests.xctest */;
			productType = "com.apple.product-type.bundle.unit-test";
		};
/* End PBXNativeTarget section */

/* Begin PBXProject section */
		5E6F4B1F18117F7600312CCD /* Project object */ = {
			isa = PBXProject;
			attributes = {
				LastUpgradeCheck = 0500;
				ORGANIZATIONNAME = FoceSystemSolution;
				TargetAttributes = {
					5E6F4B4A18117F7600312CCD = {
						TestTargetID = 5E6F4B2618117F7600312CCD;
					};
				};
			};
			buildConfigurationList = 5E6F4B2218117F7600312CCD /* Build configuration list for PBXProject "DesignKichinTimer" */;
			compatibilityVersion = "Xcode 3.2";
			developmentRegion = English;
			hasScannedForEncodings = 0;
			knownRegions = (
				en,
				Base,
				ja,
			);
			mainGroup = 5E6F4B1E18117F7600312CCD;
			productRefGroup = 5E6F4B2818117F7600312CCD /* Products */;
			projectDirPath = "";
			projectRoot = "";
			targets = (
				5E6F4B2618117F7600312CCD /* DesignKichinTimer */,
				5E6F4B4A18117F7600312CCD /* DesignKichinTimerTests */,
			);
		};
/* End PBXProject section */

/* Begin PBXResourcesBuildPhase section */
		5E6F4B2518117F7600312CCD /* Resources */ = {
			isa = PBXResourcesBuildPhase;
			buildActionMask = 2147483647;
			files = (
				5ECB0D371832173700103C18 /* pi_mono.mp3 in Resources */,
				5EF21EC81839260C00C079F0 /* Icon-76.png in Resources */,
				5EA2C0A01811865E00B0FC3D /* .gitignore in Resources */,
				5E1E11ED18350EBB00307C8F /* README.txt in Resources */,
				5E711E4618191B0000E7AA83 /* .gitattributes in Resources */,
				5EF21EC91839260C00C079F0 /* Icon-76@2x.png in Resources */,
				5EC2DCD21830A52A003E1D5C /* pi_old.mp3 in Resources */,
				5E6F4B4118117F7600312CCD /* Main_iPad.storyboard in Resources */,
				5E42589718192B7F00171F1F /* Localizable.strings in Resources */,
				5E6F4B4618117F7600312CCD /* Images.xcassets in Resources */,
				5ECB0D271832038400103C18 /* piLong.mp3 in Resources */,
				5E6F4B3E18117F7600312CCD /* Main_iPhone.storyboard in Resources */,
				5EF21ECA1839260C00C079F0 /* Icon-60.png in Resources */,
				5EF21ECB1839260C00C079F0 /* Icon-60@2x.png in Resources */,
				5E6F4B3518117F7600312CCD /* InfoPlist.strings in Resources */,
			);
			runOnlyForDeploymentPostprocessing = 0;
		};
		5E6F4B4918117F7600312CCD /* Resources */ = {
			isa = PBXResourcesBuildPhase;
			buildActionMask = 2147483647;
			files = (
				5E6F4B5718117F7700312CCD /* InfoPlist.strings in Resources */,
			);
			runOnlyForDeploymentPostprocessing = 0;
		};
/* End PBXResourcesBuildPhase section */

/* Begin PBXSourcesBuildPhase section */
		5E6F4B2318117F7600312CCD /* Sources */ = {
			isa = PBXSourcesBuildPhase;
			buildActionMask = 2147483647;
			files = (
				5E6F4B4418117F7600312CCD /* ViewController.m in Sources */,
				5E6F4B3B18117F7600312CCD /* AppDelegate.m in Sources */,
				5E6F4B3718117F7600312CCD /* main.m in Sources */,
			);
			runOnlyForDeploymentPostprocessing = 0;
		};
		5E6F4B4718117F7600312CCD /* Sources */ = {
			isa = PBXSourcesBuildPhase;
			buildActionMask = 2147483647;
			files = (
				5E6F4B5918117F7700312CCD /* DesignKichinTimerTests.m in Sources */,
			);
			runOnlyForDeploymentPostprocessing = 0;
		};
/* End PBXSourcesBuildPhase section */

/* Begin PBXTargetDependency section */
		5E6F4B5118117F7700312CCD /* PBXTargetDependency */ = {
			isa = PBXTargetDependency;
			target = 5E6F4B2618117F7600312CCD /* DesignKichinTimer */;
			targetProxy = 5E6F4B5018117F7700312CCD /* PBXContainerItemProxy */;
		};
/* End PBXTargetDependency section */

/* Begin PBXVariantGroup section */
		5E42589918192B7F00171F1F /* Localizable.strings */ = {
			isa = PBXVariantGroup;
			children = (
				5E42589818192B7F00171F1F /* Base */,
				5E42589A18192B8800171F1F /* ja */,
				5E243BD9182504DC005C31D2 /* en */,
			);
			name = Localizable.strings;
			sourceTree = "<group>";
		};
		5E6F4B3318117F7600312CCD /* InfoPlist.strings */ = {
			isa = PBXVariantGroup;
			children = (
				5E6F4B3418117F7600312CCD /* en */,
				5E42589418192B2600171F1F /* ja */,
				5E243BDA182504E7005C31D2 /* Base */,
			);
			name = InfoPlist.strings;
			sourceTree = "<group>";
		};
		5E6F4B3C18117F7600312CCD /* Main_iPhone.storyboard */ = {
			isa = PBXVariantGroup;
			children = (
				5E6F4B3D18117F7600312CCD /* Base */,
			);
			name = Main_iPhone.storyboard;
			sourceTree = "<group>";
		};
		5E6F4B3F18117F7600312CCD /* Main_iPad.storyboard */ = {
			isa = PBXVariantGroup;
			children = (
				5E6F4B4018117F7600312CCD /* Base */,
			);
			name = Main_iPad.storyboard;
			sourceTree = "<group>";
		};
		5E6F4B5518117F7700312CCD /* InfoPlist.strings */ = {
			isa = PBXVariantGroup;
			children = (
				5E6F4B5618117F7700312CCD /* en */,
			);
			name = InfoPlist.strings;
			sourceTree = "<group>";
		};
/* End PBXVariantGroup section */

/* Begin XCBuildConfiguration section */
		5E6F4B5A18117F7700312CCD /* Debug */ = {
			isa = XCBuildConfiguration;
			buildSettings = {
				ALWAYS_SEARCH_USER_PATHS = NO;
				ARCHS = "$(ARCHS_STANDARD_INCLUDING_64_BIT)";
				CLANG_CXX_LANGUAGE_STANDARD = "gnu++0x";
				CLANG_CXX_LIBRARY = "libc++";
				CLANG_ENABLE_MODULES = YES;
				CLANG_ENABLE_OBJC_ARC = YES;
				CLANG_WARN_BOOL_CONVERSION = YES;
				CLANG_WARN_CONSTANT_CONVERSION = YES;
				CLANG_WARN_DIRECT_OBJC_ISA_USAGE = YES_ERROR;
				CLANG_WARN_EMPTY_BODY = YES;
				CLANG_WARN_ENUM_CONVERSION = YES;
				CLANG_WARN_INT_CONVERSION = YES;
				CLANG_WARN_OBJC_ROOT_CLASS = YES_ERROR;
				CLANG_WARN__DUPLICATE_METHOD_MATCH = YES;
				CODE_SIGN_IDENTITY = "iPhone Distribution: Makoto Amano (GWL53QY8D7)";
				"CODE_SIGN_IDENTITY[sdk=iphoneos*]" = "iPhone Developer";
				COPY_PHASE_STRIP = NO;
				GCC_C_LANGUAGE_STANDARD = gnu99;
				GCC_DYNAMIC_NO_PIC = NO;
				GCC_OPTIMIZATION_LEVEL = 0;
				GCC_PREPROCESSOR_DEFINITIONS = (
					"DEBUG=1",
					"$(inherited)",
				);
				GCC_SYMBOLS_PRIVATE_EXTERN = NO;
				GCC_WARN_64_TO_32_BIT_CONVERSION = YES;
				GCC_WARN_ABOUT_RETURN_TYPE = YES_ERROR;
				GCC_WARN_UNDECLARED_SELECTOR = YES;
				GCC_WARN_UNINITIALIZED_AUTOS = YES;
				GCC_WARN_UNUSED_FUNCTION = YES;
				GCC_WARN_UNUSED_VARIABLE = YES;
				IPHONEOS_DEPLOYMENT_TARGET = 7.0;
				ONLY_ACTIVE_ARCH = YES;
				SDKROOT = iphoneos;
				TARGETED_DEVICE_FAMILY = "1,2";
			};
			name = Debug;
		};
		5E6F4B5B18117F7700312CCD /* Release */ = {
			isa = XCBuildConfiguration;
			buildSettings = {
				ALWAYS_SEARCH_USER_PATHS = NO;
				ARCHS = "$(ARCHS_STANDARD_INCLUDING_64_BIT)";
				CLANG_CXX_LANGUAGE_STANDARD = "gnu++0x";
				CLANG_CXX_LIBRARY = "libc++";
				CLANG_ENABLE_MODULES = YES;
				CLANG_ENABLE_OBJC_ARC = YES;
				CLANG_WARN_BOOL_CONVERSION = YES;
				CLANG_WARN_CONSTANT_CONVERSION = YES;
				CLANG_WARN_DIRECT_OBJC_ISA_USAGE = YES_ERROR;
				CLANG_WARN_EMPTY_BODY = YES;
				CLANG_WARN_ENUM_CONVERSION = YES;
				CLANG_WARN_INT_CONVERSION = YES;
				CLANG_WARN_OBJC_ROOT_CLASS = YES_ERROR;
				CLANG_WARN__DUPLICATE_METHOD_MATCH = YES;
				CODE_SIGN_IDENTITY = "iPhone Distribution: Makoto Amano (GWL53QY8D7)";
				"CODE_SIGN_IDENTITY[sdk=iphoneos*]" = "iPhone Developer";
				COPY_PHASE_STRIP = YES;
				ENABLE_NS_ASSERTIONS = NO;
				GCC_C_LANGUAGE_STANDARD = gnu99;
				GCC_WARN_64_TO_32_BIT_CONVERSION = YES;
				GCC_WARN_ABOUT_RETURN_TYPE = YES_ERROR;
				GCC_WARN_UNDECLARED_SELECTOR = YES;
				GCC_WARN_UNINITIALIZED_AUTOS = YES;
				GCC_WARN_UNUSED_FUNCTION = YES;
				GCC_WARN_UNUSED_VARIABLE = YES;
				IPHONEOS_DEPLOYMENT_TARGET = 7.0;
				SDKROOT = iphoneos;
				TARGETED_DEVICE_FAMILY = "1,2";
				VALIDATE_PRODUCT = YES;
			};
			name = Release;
		};
		5E6F4B5D18117F7700312CCD /* Debug */ = {
			isa = XCBuildConfiguration;
			buildSettings = {
				ASSETCATALOG_COMPILER_APPICON_NAME = AppIcon;
				ASSETCATALOG_COMPILER_LAUNCHIMAGE_NAME = LaunchImage;
				GCC_PRECOMPILE_PREFIX_HEADER = YES;
				GCC_PREFIX_HEADER = "DesignKichinTimer/DesignKichinTimer-Prefix.pch";
				INFOPLIST_FILE = "DesignKichinTimer/DesignKichinTimer-Info.plist";
				IPHONEOS_DEPLOYMENT_TARGET = 7.0;
				LIBRARY_SEARCH_PATHS = (
					"$(inherited)",
					/Users/zzz/Documents/DesignKichinTimer/DesignKichinTimer,
					/Users/zzz/Documents/DesignKichinTimer,
				);
				"OTHER_LDFLAGS[arch=*]" = "-ObjC";
				PRODUCT_NAME = "$(TARGET_NAME)";
				PROVISIONING_PROFILE = "";
				WRAPPER_EXTENSION = app;
			};
			name = Debug;
		};
		5E6F4B5E18117F7700312CCD /* Release */ = {
			isa = XCBuildConfiguration;
			buildSettings = {
				ASSETCATALOG_COMPILER_APPICON_NAME = AppIcon;
				ASSETCATALOG_COMPILER_LAUNCHIMAGE_NAME = LaunchImage;
				GCC_PRECOMPILE_PREFIX_HEADER = YES;
				GCC_PREFIX_HEADER = "DesignKichinTimer/DesignKichinTimer-Prefix.pch";
				INFOPLIST_FILE = "DesignKichinTimer/DesignKichinTimer-Info.plist";
				IPHONEOS_DEPLOYMENT_TARGET = 7.0;
				LIBRARY_SEARCH_PATHS = (
					"$(inherited)",
					/Users/zzz/Documents/DesignKichinTimer/DesignKichinTimer,
					/Users/zzz/Documents/DesignKichinTimer,
				);
				"OTHER_LDFLAGS[arch=*]" = "-ObjC";
				PRODUCT_NAME = "$(TARGET_NAME)";
				PROVISIONING_PROFILE = "";
				WRAPPER_EXTENSION = app;
			};
			name = Release;
		};
		5E6F4B6018117F7700312CCD /* Debug */ = {
			isa = XCBuildConfiguration;
			buildSettings = {
				ARCHS = "$(ARCHS_STANDARD_INCLUDING_64_BIT)";
				BUNDLE_LOADER = "$(BUILT_PRODUCTS_DIR)/DesignKichinTimer.app/DesignKichinTimer";
				FRAMEWORK_SEARCH_PATHS = (
					"$(SDKROOT)/Developer/Library/Frameworks",
					"$(inherited)",
					"$(DEVELOPER_FRAMEWORKS_DIR)",
				);
				GCC_PRECOMPILE_PREFIX_HEADER = YES;
				GCC_PREFIX_HEADER = "DesignKichinTimer/DesignKichinTimer-Prefix.pch";
				GCC_PREPROCESSOR_DEFINITIONS = (
					"DEBUG=1",
					"$(inherited)",
				);
				INFOPLIST_FILE = "DesignKichinTimerTests/DesignKichinTimerTests-Info.plist";
				PRODUCT_NAME = "$(TARGET_NAME)";
				TEST_HOST = "$(BUNDLE_LOADER)";
				WRAPPER_EXTENSION = xctest;
			};
			name = Debug;
		};
		5E6F4B6118117F7700312CCD /* Release */ = {
			isa = XCBuildConfiguration;
			buildSettings = {
				ARCHS = "$(ARCHS_STANDARD_INCLUDING_64_BIT)";
				BUNDLE_LOADER = "$(BUILT_PRODUCTS_DIR)/DesignKichinTimer.app/DesignKichinTimer";
				FRAMEWORK_SEARCH_PATHS = (
					"$(SDKROOT)/Developer/Library/Frameworks",
					"$(inherited)",
					"$(DEVELOPER_FRAMEWORKS_DIR)",
				);
				GCC_PRECOMPILE_PREFIX_HEADER = YES;
				GCC_PREFIX_HEADER = "DesignKichinTimer/DesignKichinTimer-Prefix.pch";
				INFOPLIST_FILE = "DesignKichinTimerTests/DesignKichinTimerTests-Info.plist";
				PRODUCT_NAME = "$(TARGET_NAME)";
				TEST_HOST = "$(BUNDLE_LOADER)";
				WRAPPER_EXTENSION = xctest;
			};
			name = Release;
		};
/* End XCBuildConfiguration section */

/* Begin XCConfigurationList section */
		5E6F4B2218117F7600312CCD /* Build configuration list for PBXProject "DesignKichinTimer" */ = {
			isa = XCConfigurationList;
			buildConfigurations = (
				5E6F4B5A18117F7700312CCD /* Debug */,
				5E6F4B5B18117F7700312CCD /* Release */,
			);
			defaultConfigurationIsVisible = 0;
			defaultConfigurationName = Release;
		};
		5E6F4B5C18117F7700312CCD /* Build configuration list for PBXNativeTarget "DesignKichinTimer" */ = {
			isa = XCConfigurationList;
			buildConfigurations = (
				5E6F4B5D18117F7700312CCD /* Debug */,
				5E6F4B5E18117F7700312CCD /* Release */,
			);
			defaultConfigurationIsVisible = 0;
			defaultConfigurationName = Release;
		};
		5E6F4B5F18117F7700312CCD /* Build configuration list for PBXNativeTarget "DesignKichinTimerTests" */ = {
			isa = XCConfigurationList;
			buildConfigurations = (
				5E6F4B6018117F7700312CCD /* Debug */,
				5E6F4B6118117F7700312CCD /* Release */,
			);
			defaultConfigurationIsVisible = 0;
			defaultConfigurationName = Release;
		};
/* End XCConfigurationList section */
	};
	rootObject = 5E6F4B1F18117F7600312CCD /* Project object */;
}
