// !$*UTF8*$!
{
	archiveVersion = 1;
	classes = {
	};
	objectVersion = 46;
	objects = {

/* Begin PBXBuildFile section */
		5E1E11D71834F81500307C8F /* MessageUI.framework in Frameworks */ = {isa = PBXBuildFile; fileRef = 5E1E11D61834F81500307C8F /* MessageUI.framework */; };
		5E1E11D91834F82600307C8F /* SystemConfiguration.framework in Frameworks */ = {isa = PBXBuildFile; fileRef = 5E1E11D81834F82600307C8F /* SystemConfiguration.framework */; };
		5E1E11DB18350D0500307C8F /* CoreLocation.framework in Frameworks */ = {isa = PBXBuildFile; fileRef = 5E1E11DA18350D0500307C8F /* CoreLocation.framework */; };
		5E1E11DD18350D1500307C8F /* MediaPlayer.framework in Frameworks */ = {isa = PBXBuildFile; fileRef = 5E1E11DC18350D1500307C8F /* MediaPlayer.framework */; };
		5E1E11DF18350D3100307C8F /* StoreKit.framework in Frameworks */ = {isa = PBXBuildFile; fileRef = 5E1E11DE18350D3100307C8F /* StoreKit.framework */; };
		5E1E11EF18350F1100307C8F /* AdSupport.framework in Frameworks */ = {isa = PBXBuildFile; fileRef = 5E1E11EE18350F1100307C8F /* AdSupport.framework */; };
		5E1E11F11836A4AD00307C8F /* iAd.framework in Frameworks */ = {isa = PBXBuildFile; fileRef = 5E1E11F01836A4AD00307C8F /* iAd.framework */; };
		5E220DCD18425F3900D2ACB0 /* SoundOnFlag.m in Sources */ = {isa = PBXBuildFile; fileRef = 5E220DCC18425F3900D2ACB0 /* SoundOnFlag.m */; };
		5E220DD0184261F100D2ACB0 /* MySetBtn.m in Sources */ = {isa = PBXBuildFile; fileRef = 5E220DCF184261F100D2ACB0 /* MySetBtn.m */; };
		5E24806118558F9F0032AF77 /* VibrateOnFlag.m in Sources */ = {isa = PBXBuildFile; fileRef = 5E24806018558F9F0032AF77 /* VibrateOnFlag.m */; };
		5E2480671856ED3E0032AF77 /* IconVibOn.png in Resources */ = {isa = PBXBuildFile; fileRef = 5E2480651856ED3E0032AF77 /* IconVibOn.png */; };
		5E2480681856ED3E0032AF77 /* IconVibOff.png in Resources */ = {isa = PBXBuildFile; fileRef = 5E2480661856ED3E0032AF77 /* IconVibOff.png */; };
		5E2480701856F5D80032AF77 /* IconVibTouch.png in Resources */ = {isa = PBXBuildFile; fileRef = 5E24806C1856F5D80032AF77 /* IconVibTouch.png */; };
		5E2480721856FD4D0032AF77 /* IconSndOn.png in Resources */ = {isa = PBXBuildFile; fileRef = 5E2480711856FD4D0032AF77 /* IconSndOn.png */; };
		5E2480751856FE6B0032AF77 /* IconSndOff.png in Resources */ = {isa = PBXBuildFile; fileRef = 5E2480731856FE6B0032AF77 /* IconSndOff.png */; };
		5E2480761856FE6B0032AF77 /* IconSndTouch.png in Resources */ = {isa = PBXBuildFile; fileRef = 5E2480741856FE6B0032AF77 /* IconSndTouch.png */; };
		5E26A2F5185C977800763D48 /* libAdStir-GoogleAdMob.a in Frameworks */ = {isa = PBXBuildFile; fileRef = 5E26A2E8185C977800763D48 /* libAdStir-GoogleAdMob.a */; };
		5E26A2F6185C977800763D48 /* libAdStir-iAd.a in Frameworks */ = {isa = PBXBuildFile; fileRef = 5E26A2E9185C977800763D48 /* libAdStir-iAd.a */; };
		5E26A2FA185C977800763D48 /* libAdStir-nend.a in Frameworks */ = {isa = PBXBuildFile; fileRef = 5E26A2ED185C977800763D48 /* libAdStir-nend.a */; };
		5E26A2FB185C977800763D48 /* libAdStir.a in Frameworks */ = {isa = PBXBuildFile; fileRef = 5E26A2EE185C977800763D48 /* libAdStir.a */; };
		5E26A2FC185C977800763D48 /* AdSrir_readme.txt in Resources */ = {isa = PBXBuildFile; fileRef = 5E26A2EF185C977800763D48 /* AdSrir_readme.txt */; };
		5E26A2FE185C977800763D48 /* libAdstirWebView.a in Frameworks */ = {isa = PBXBuildFile; fileRef = 5E26A2F1185C977800763D48 /* libAdstirWebView.a */; };
		5E26A303185C984600763D48 /* CHANGELOG.md in Resources */ = {isa = PBXBuildFile; fileRef = 5E26A2FF185C984600763D48 /* CHANGELOG.md */; };
		5E26A304185C984600763D48 /* JSONKit.m in Sources */ = {isa = PBXBuildFile; fileRef = 5E26A301185C984600763D48 /* JSONKit.m */; settings = {COMPILER_FLAGS = "-fno-objc-arc"; }; };
		5E26A305185C984600763D48 /* JSONKit-README.md in Resources */ = {isa = PBXBuildFile; fileRef = 5E26A302185C984600763D48 /* JSONKit-README.md */; };
		5E42589718192B7F00171F1F /* Localizable.strings in Resources */ = {isa = PBXBuildFile; fileRef = 5E42589918192B7F00171F1F /* Localizable.strings */; };
		5E42589C181CF29300171F1F /* QuartzCore.framework in Frameworks */ = {isa = PBXBuildFile; fileRef = 5E42589B181CF29300171F1F /* QuartzCore.framework */; };
		5E5DF025184327510098499A /* MyModeBtn.m in Sources */ = {isa = PBXBuildFile; fileRef = 5E5DF024184327510098499A /* MyModeBtn.m */; };
		5E5DF028184377EC0098499A /* MyCntLabel.m in Sources */ = {isa = PBXBuildFile; fileRef = 5E5DF027184377EC0098499A /* MyCntLabel.m */; };
		5E5DF03818438FB50098499A /* libGoogleAdMobAds.a in Frameworks */ = {isa = PBXBuildFile; fileRef = 5E5DF03618438FB50098499A /* libGoogleAdMobAds.a */; };
		5E5DF03918438FB50098499A /* AdMob_README.txt in Resources */ = {isa = PBXBuildFile; fileRef = 5E5DF03718438FB50098499A /* AdMob_README.txt */; };
		5E6F4B2B18117F7600312CCD /* Foundation.framework in Frameworks */ = {isa = PBXBuildFile; fileRef = 5E6F4B2A18117F7600312CCD /* Foundation.framework */; };
		5E6F4B2D18117F7600312CCD /* CoreGraphics.framework in Frameworks */ = {isa = PBXBuildFile; fileRef = 5E6F4B2C18117F7600312CCD /* CoreGraphics.framework */; };
		5E6F4B2F18117F7600312CCD /* UIKit.framework in Frameworks */ = {isa = PBXBuildFile; fileRef = 5E6F4B2E18117F7600312CCD /* UIKit.framework */; };
		5E6F4B3518117F7600312CCD /* InfoPlist.strings in Resources */ = {isa = PBXBuildFile; fileRef = 5E6F4B3318117F7600312CCD /* InfoPlist.strings */; };
		5E6F4B3718117F7600312CCD /* main.m in Sources */ = {isa = PBXBuildFile; fileRef = 5E6F4B3618117F7600312CCD /* main.m */; };
		5E6F4B3B18117F7600312CCD /* AppDelegate.m in Sources */ = {isa = PBXBuildFile; fileRef = 5E6F4B3A18117F7600312CCD /* AppDelegate.m */; };
		5E6F4B3E18117F7600312CCD /* Main_iPhone.storyboard in Resources */ = {isa = PBXBuildFile; fileRef = 5E6F4B3C18117F7600312CCD /* Main_iPhone.storyboard */; };
		5E6F4B4118117F7600312CCD /* Main_iPad.storyboard in Resources */ = {isa = PBXBuildFile; fileRef = 5E6F4B3F18117F7600312CCD /* Main_iPad.storyboard */; };
		5E6F4B4418117F7600312CCD /* ViewController.m in Sources */ = {isa = PBXBuildFile; fileRef = 5E6F4B4318117F7600312CCD /* ViewController.m */; };
		5E6F4B4618117F7600312CCD /* Images.xcassets in Resources */ = {isa = PBXBuildFile; fileRef = 5E6F4B4518117F7600312CCD /* Images.xcassets */; };
		5E6F4B4D18117F7600312CCD /* XCTest.framework in Frameworks */ = {isa = PBXBuildFile; fileRef = 5E6F4B4C18117F7600312CCD /* XCTest.framework */; };
		5E6F4B4E18117F7600312CCD /* Foundation.framework in Frameworks */ = {isa = PBXBuildFile; fileRef = 5E6F4B2A18117F7600312CCD /* Foundation.framework */; };
		5E6F4B4F18117F7700312CCD /* UIKit.framework in Frameworks */ = {isa = PBXBuildFile; fileRef = 5E6F4B2E18117F7600312CCD /* UIKit.framework */; };
		5E6F4B5718117F7700312CCD /* InfoPlist.strings in Resources */ = {isa = PBXBuildFile; fileRef = 5E6F4B5518117F7700312CCD /* InfoPlist.strings */; };
		5E6F4B5918117F7700312CCD /* DesignKichinTimerTests.m in Sources */ = {isa = PBXBuildFile; fileRef = 5E6F4B5818117F7700312CCD /* DesignKichinTimerTests.m */; };
		5E711E4618191B0000E7AA83 /* .gitattributes in Resources */ = {isa = PBXBuildFile; fileRef = 5E711E4518191B0000E7AA83 /* .gitattributes */; };
		5E80FDCD18530EFB0011AB75 /* IconFree-60.png in Resources */ = {isa = PBXBuildFile; fileRef = 5E80FDC918530EFB0011AB75 /* IconFree-60.png */; };
		5E80FDCE18530EFB0011AB75 /* IconFree-76.png in Resources */ = {isa = PBXBuildFile; fileRef = 5E80FDCA18530EFB0011AB75 /* IconFree-76.png */; };
		5E80FDCF18530EFB0011AB75 /* IconFree-60@2x.png in Resources */ = {isa = PBXBuildFile; fileRef = 5E80FDCB18530EFB0011AB75 /* IconFree-60@2x.png */; };
		5E80FDD018530EFB0011AB75 /* IconFree-76@2x.png in Resources */ = {isa = PBXBuildFile; fileRef = 5E80FDCC18530EFB0011AB75 /* IconFree-76@2x.png */; };
		5EA2C0A01811865E00B0FC3D /* .gitignore in Resources */ = {isa = PBXBuildFile; fileRef = 5EA2C09F1811865E00B0FC3D /* .gitignore */; };
		5EA9DA33184E4CB9004378E0 /* NADView_readme.txt in Resources */ = {isa = PBXBuildFile; fileRef = 5EA9DA31184E4CB9004378E0 /* NADView_readme.txt */; };
		5EC2DCC6182C77B1003E1D5C /* AudioToolbox.framework in Frameworks */ = {isa = PBXBuildFile; fileRef = 5EC2DCC5182C77B1003E1D5C /* AudioToolbox.framework */; };
		5EC2DCCA182FCEB8003E1D5C /* AVFoundation.framework in Frameworks */ = {isa = PBXBuildFile; fileRef = 5EC2DCC9182FCEB8003E1D5C /* AVFoundation.framework */; };
		5EC2DCD21830A52A003E1D5C /* pi_old.mp3 in Resources */ = {isa = PBXBuildFile; fileRef = 5EC2DCD11830A52A003E1D5C /* pi_old.mp3 */; };
		5EC82B1218515A8D000DC598 /* libNendAd.a in Frameworks */ = {isa = PBXBuildFile; fileRef = 5EA9DA2D184E4CB9004378E0 /* libNendAd.a */; };
		5ECB0D271832038400103C18 /* piLong.mp3 in Resources */ = {isa = PBXBuildFile; fileRef = 5ECB0D261832038400103C18 /* piLong.mp3 */; };
		5ECB0D371832173700103C18 /* pi_mono.mp3 in Resources */ = {isa = PBXBuildFile; fileRef = 5ECB0D361832173700103C18 /* pi_mono.mp3 */; };
		5EF21EC81839260C00C079F0 /* Icon-76.png in Resources */ = {isa = PBXBuildFile; fileRef = 5EF21EC41839260C00C079F0 /* Icon-76.png */; };
		5EF21EC91839260C00C079F0 /* Icon-76@2x.png in Resources */ = {isa = PBXBuildFile; fileRef = 5EF21EC51839260C00C079F0 /* Icon-76@2x.png */; };
		5EF21ECA1839260C00C079F0 /* Icon-60.png in Resources */ = {isa = PBXBuildFile; fileRef = 5EF21EC61839260C00C079F0 /* Icon-60.png */; };
		5EF21ECB1839260C00C079F0 /* Icon-60@2x.png in Resources */ = {isa = PBXBuildFile; fileRef = 5EF21EC71839260C00C079F0 /* Icon-60@2x.png */; };
/* End PBXBuildFile section */

/* Begin PBXContainerItemProxy section */
		5E6F4B5018117F7700312CCD /* PBXContainerItemProxy */ = {
			isa = PBXContainerItemProxy;
			containerPortal = 5E6F4B1F18117F7600312CCD /* Project object */;
			proxyType = 1;
			remoteGlobalIDString = 5E6F4B2618117F7600312CCD;
			remoteInfo = DesignKichinTimer;
		};
/* End PBXContainerItemProxy section */

/* Begin PBXFileReference section */
		5E1E11D61834F81500307C8F /* MessageUI.framework */ = {isa = PBXFileReference; lastKnownFileType = wrapper.framework; name = MessageUI.framework; path = System/Library/Frameworks/MessageUI.framework; sourceTree = SDKROOT; };
		5E1E11D81834F82600307C8F /* SystemConfiguration.framework */ = {isa = PBXFileReference; lastKnownFileType = wrapper.framework; name = SystemConfiguration.framework; path = System/Library/Frameworks/SystemConfiguration.framework; sourceTree = SDKROOT; };
		5E1E11DA18350D0500307C8F /* CoreLocation.framework */ = {isa = PBXFileReference; lastKnownFileType = wrapper.framework; name = CoreLocation.framework; path = System/Library/Frameworks/CoreLocation.framework; sourceTree = SDKROOT; };
		5E1E11DC18350D1500307C8F /* MediaPlayer.framework */ = {isa = PBXFileReference; lastKnownFileType = wrapper.framework; name = MediaPlayer.framework; path = System/Library/Frameworks/MediaPlayer.framework; sourceTree = SDKROOT; };
		5E1E11DE18350D3100307C8F /* StoreKit.framework */ = {isa = PBXFileReference; lastKnownFileType = wrapper.framework; name = StoreKit.framework; path = System/Library/Frameworks/StoreKit.framework; sourceTree = SDKROOT; };
		5E1E11EE18350F1100307C8F /* AdSupport.framework */ = {isa = PBXFileReference; lastKnownFileType = wrapper.framework; name = AdSupport.framework; path = System/Library/Frameworks/AdSupport.framework; sourceTree = SDKROOT; };
		5E1E11F01836A4AD00307C8F /* iAd.framework */ = {isa = PBXFileReference; lastKnownFileType = wrapper.framework; name = iAd.framework; path = System/Library/Frameworks/iAd.framework; sourceTree = SDKROOT; };
		5E220DCB18425F3900D2ACB0 /* SoundOnFlag.h */ = {isa = PBXFileReference; fileEncoding = 4; lastKnownFileType = sourcecode.c.h; name = SoundOnFlag.h; path = DesignKichinTimer/SoundOnFlag.h; sourceTree = "<group>"; };
		5E220DCC18425F3900D2ACB0 /* SoundOnFlag.m */ = {isa = PBXFileReference; fileEncoding = 4; lastKnownFileType = sourcecode.c.objc; name = SoundOnFlag.m; path = DesignKichinTimer/SoundOnFlag.m; sourceTree = "<group>"; };
		5E220DCE184261F100D2ACB0 /* MySetBtn.h */ = {isa = PBXFileReference; fileEncoding = 4; lastKnownFileType = sourcecode.c.h; name = MySetBtn.h; path = DesignKichinTimer/MySetBtn.h; sourceTree = "<group>"; };
		5E220DCF184261F100D2ACB0 /* MySetBtn.m */ = {isa = PBXFileReference; fileEncoding = 4; lastKnownFileType = sourcecode.c.objc; name = MySetBtn.m; path = DesignKichinTimer/MySetBtn.m; sourceTree = "<group>"; };
		5E243BD9182504DC005C31D2 /* en */ = {isa = PBXFileReference; lastKnownFileType = text.plist.strings; name = en; path = en.lproj/Localizable.strings; sourceTree = "<group>"; };
		5E243BDA182504E7005C31D2 /* Base */ = {isa = PBXFileReference; lastKnownFileType = text.plist.strings; name = Base; path = Base.lproj/InfoPlist.strings; sourceTree = "<group>"; };
		5E24805F18558F9F0032AF77 /* VibrateOnFlag.h */ = {isa = PBXFileReference; fileEncoding = 4; lastKnownFileType = sourcecode.c.h; path = VibrateOnFlag.h; sourceTree = "<group>"; };
		5E24806018558F9F0032AF77 /* VibrateOnFlag.m */ = {isa = PBXFileReference; fileEncoding = 4; lastKnownFileType = sourcecode.c.objc; path = VibrateOnFlag.m; sourceTree = "<group>"; };
		5E2480651856ED3E0032AF77 /* IconVibOn.png */ = {isa = PBXFileReference; lastKnownFileType = image.png; path = IconVibOn.png; sourceTree = "<group>"; };
		5E2480661856ED3E0032AF77 /* IconVibOff.png */ = {isa = PBXFileReference; lastKnownFileType = image.png; path = IconVibOff.png; sourceTree = "<group>"; };
		5E24806C1856F5D80032AF77 /* IconVibTouch.png */ = {isa = PBXFileReference; lastKnownFileType = image.png; path = IconVibTouch.png; sourceTree = "<group>"; };
		5E2480711856FD4D0032AF77 /* IconSndOn.png */ = {isa = PBXFileReference; lastKnownFileType = image.png; path = IconSndOn.png; sourceTree = "<group>"; };
		5E2480731856FE6B0032AF77 /* IconSndOff.png */ = {isa = PBXFileReference; lastKnownFileType = image.png; path = IconSndOff.png; sourceTree = "<group>"; };
		5E2480741856FE6B0032AF77 /* IconSndTouch.png */ = {isa = PBXFileReference; lastKnownFileType = image.png; path = IconSndTouch.png; sourceTree = "<group>"; };
		5E26A2E5185C977800763D48 /* AdstirView.h */ = {isa = PBXFileReference; fileEncoding = 4; lastKnownFileType = sourcecode.c.h; path = AdstirView.h; sourceTree = "<group>"; };
		5E26A2E8185C977800763D48 /* libAdStir-GoogleAdMob.a */ = {isa = PBXFileReference; lastKnownFileType = archive.ar; path = "libAdStir-GoogleAdMob.a"; sourceTree = "<group>"; };
		5E26A2E9185C977800763D48 /* libAdStir-iAd.a */ = {isa = PBXFileReference; lastKnownFileType = archive.ar; path = "libAdStir-iAd.a"; sourceTree = "<group>"; };
		5E26A2ED185C977800763D48 /* libAdStir-nend.a */ = {isa = PBXFileReference; lastKnownFileType = archive.ar; path = "libAdStir-nend.a"; sourceTree = "<group>"; };
		5E26A2EE185C977800763D48 /* libAdStir.a */ = {isa = PBXFileReference; lastKnownFileType = archive.ar; path = libAdStir.a; sourceTree = "<group>"; };
		5E26A2EF185C977800763D48 /* AdSrir_readme.txt */ = {isa = PBXFileReference; fileEncoding = 4; lastKnownFileType = text; path = AdSrir_readme.txt; sourceTree = "<group>"; };
		5E26A2F1185C977800763D48 /* libAdstirWebView.a */ = {isa = PBXFileReference; lastKnownFileType = archive.ar; path = libAdstirWebView.a; sourceTree = "<group>"; };
		5E26A2F2185C977800763D48 /* AdstirWebView.h */ = {isa = PBXFileReference; fileEncoding = 4; lastKnownFileType = sourcecode.c.h; path = AdstirWebView.h; sourceTree = "<group>"; };
		5E26A2FF185C984600763D48 /* CHANGELOG.md */ = {isa = PBXFileReference; fileEncoding = 4; lastKnownFileType = text; path = CHANGELOG.md; sourceTree = "<group>"; };
		5E26A300185C984600763D48 /* JSONKit.h */ = {isa = PBXFileReference; fileEncoding = 4; lastKnownFileType = sourcecode.c.h; path = JSONKit.h; sourceTree = "<group>"; };
		5E26A301185C984600763D48 /* JSONKit.m */ = {isa = PBXFileReference; fileEncoding = 4; lastKnownFileType = sourcecode.c.objc; path = JSONKit.m; sourceTree = "<group>"; };
		5E26A302185C984600763D48 /* JSONKit-README.md */ = {isa = PBXFileReference; fileEncoding = 4; lastKnownFileType = text; path = "JSONKit-README.md"; sourceTree = "<group>"; };
		5E42589418192B2600171F1F /* ja */ = {isa = PBXFileReference; lastKnownFileType = text.plist.strings; name = ja; path = ja.lproj/InfoPlist.strings; sourceTree = "<group>"; };
		5E42589818192B7F00171F1F /* Base */ = {isa = PBXFileReference; lastKnownFileType = text.plist.strings; name = Base; path = Base.lproj/Localizable.strings; sourceTree = "<group>"; };
		5E42589A18192B8800171F1F /* ja */ = {isa = PBXFileReference; lastKnownFileType = text.plist.strings; name = ja; path = ja.lproj/Localizable.strings; sourceTree = "<group>"; };
		5E42589B181CF29300171F1F /* QuartzCore.framework */ = {isa = PBXFileReference; lastKnownFileType = wrapper.framework; name = QuartzCore.framework; path = System/Library/Frameworks/QuartzCore.framework; sourceTree = SDKROOT; };
		5E5DF023184327510098499A /* MyModeBtn.h */ = {isa = PBXFileReference; fileEncoding = 4; lastKnownFileType = sourcecode.c.h; path = MyModeBtn.h; sourceTree = "<group>"; };
		5E5DF024184327510098499A /* MyModeBtn.m */ = {isa = PBXFileReference; fileEncoding = 4; lastKnownFileType = sourcecode.c.objc; path = MyModeBtn.m; sourceTree = "<group>"; };
		5E5DF026184377EC0098499A /* MyCntLabel.h */ = {isa = PBXFileReference; fileEncoding = 4; lastKnownFileType = sourcecode.c.h; path = MyCntLabel.h; sourceTree = "<group>"; };
		5E5DF027184377EC0098499A /* MyCntLabel.m */ = {isa = PBXFileReference; fileEncoding = 4; lastKnownFileType = sourcecode.c.objc; path = MyCntLabel.m; sourceTree = "<group>"; };
		5E5DF02D18438FB50098499A /* GADAdMobExtras.h */ = {isa = PBXFileReference; fileEncoding = 4; lastKnownFileType = sourcecode.c.h; path = GADAdMobExtras.h; sourceTree = "<group>"; };
		5E5DF02E18438FB50098499A /* GADAdNetworkExtras.h */ = {isa = PBXFileReference; fileEncoding = 4; lastKnownFileType = sourcecode.c.h; path = GADAdNetworkExtras.h; sourceTree = "<group>"; };
		5E5DF02F18438FB50098499A /* GADAdSize.h */ = {isa = PBXFileReference; fileEncoding = 4; lastKnownFileType = sourcecode.c.h; path = GADAdSize.h; sourceTree = "<group>"; };
		5E5DF03018438FB50098499A /* GADBannerView.h */ = {isa = PBXFileReference; fileEncoding = 4; lastKnownFileType = sourcecode.c.h; path = GADBannerView.h; sourceTree = "<group>"; };
		5E5DF03118438FB50098499A /* GADBannerViewDelegate.h */ = {isa = PBXFileReference; fileEncoding = 4; lastKnownFileType = sourcecode.c.h; path = GADBannerViewDelegate.h; sourceTree = "<group>"; };
		5E5DF03218438FB50098499A /* GADInterstitial.h */ = {isa = PBXFileReference; fileEncoding = 4; lastKnownFileType = sourcecode.c.h; path = GADInterstitial.h; sourceTree = "<group>"; };
		5E5DF03318438FB50098499A /* GADInterstitialDelegate.h */ = {isa = PBXFileReference; fileEncoding = 4; lastKnownFileType = sourcecode.c.h; path = GADInterstitialDelegate.h; sourceTree = "<group>"; };
		5E5DF03418438FB50098499A /* GADRequest.h */ = {isa = PBXFileReference; fileEncoding = 4; lastKnownFileType = sourcecode.c.h; path = GADRequest.h; sourceTree = "<group>"; };
		5E5DF03518438FB50098499A /* GADRequestError.h */ = {isa = PBXFileReference; fileEncoding = 4; lastKnownFileType = sourcecode.c.h; path = GADRequestError.h; sourceTree = "<group>"; };
		5E5DF03618438FB50098499A /* libGoogleAdMobAds.a */ = {isa = PBXFileReference; lastKnownFileType = archive.ar; path = libGoogleAdMobAds.a; sourceTree = "<group>"; };
		5E5DF03718438FB50098499A /* AdMob_README.txt */ = {isa = PBXFileReference; fileEncoding = 4; lastKnownFileType = text; path = AdMob_README.txt; sourceTree = "<group>"; };
		5E6F4B2718117F7600312CCD /* DesignKichinTimer.app */ = {isa = PBXFileReference; explicitFileType = wrapper.application; includeInIndex = 0; path = DesignKichinTimer.app; sourceTree = BUILT_PRODUCTS_DIR; };
		5E6F4B2A18117F7600312CCD /* Foundation.framework */ = {isa = PBXFileReference; lastKnownFileType = wrapper.framework; name = Foundation.framework; path = System/Library/Frameworks/Foundation.framework; sourceTree = SDKROOT; };
		5E6F4B2C18117F7600312CCD /* CoreGraphics.framework */ = {isa = PBXFileReference; lastKnownFileType = wrapper.framework; name = CoreGraphics.framework; path = System/Library/Frameworks/CoreGraphics.framework; sourceTree = SDKROOT; };
		5E6F4B2E18117F7600312CCD /* UIKit.framework */ = {isa = PBXFileReference; lastKnownFileType = wrapper.framework; name = UIKit.framework; path = System/Library/Frameworks/UIKit.framework; sourceTree = SDKROOT; };
		5E6F4B3218117F7600312CCD /* DesignKichinTimer-Info.plist */ = {isa = PBXFileReference; lastKnownFileType = text.plist.xml; path = "DesignKichinTimer-Info.plist"; sourceTree = "<group>"; };
		5E6F4B3418117F7600312CCD /* en */ = {isa = PBXFileReference; lastKnownFileType = text.plist.strings; name = en; path = en.lproj/InfoPlist.strings; sourceTree = "<group>"; };
		5E6F4B3618117F7600312CCD /* main.m */ = {isa = PBXFileReference; lastKnownFileType = sourcecode.c.objc; path = main.m; sourceTree = "<group>"; };
		5E6F4B3818117F7600312CCD /* DesignKichinTimer-Prefix.pch */ = {isa = PBXFileReference; lastKnownFileType = sourcecode.c.h; path = "DesignKichinTimer-Prefix.pch"; sourceTree = "<group>"; };
		5E6F4B3918117F7600312CCD /* AppDelegate.h */ = {isa = PBXFileReference; lastKnownFileType = sourcecode.c.h; name = AppDelegate.h; path = DesignKichinTimer/AppDelegate.h; sourceTree = "<group>"; };
		5E6F4B3A18117F7600312CCD /* AppDelegate.m */ = {isa = PBXFileReference; lastKnownFileType = sourcecode.c.objc; name = AppDelegate.m; path = DesignKichinTimer/AppDelegate.m; sourceTree = "<group>"; };
		5E6F4B3D18117F7600312CCD /* Base */ = {isa = PBXFileReference; lastKnownFileType = file.storyboard; name = Base; path = Base.lproj/Main_iPhone.storyboard; sourceTree = "<group>"; };
		5E6F4B4018117F7600312CCD /* Base */ = {isa = PBXFileReference; lastKnownFileType = file.storyboard; name = Base; path = Base.lproj/Main_iPad.storyboard; sourceTree = "<group>"; };
		5E6F4B4218117F7600312CCD /* ViewController.h */ = {isa = PBXFileReference; lastKnownFileType = sourcecode.c.h; path = ViewController.h; sourceTree = "<group>"; };
		5E6F4B4318117F7600312CCD /* ViewController.m */ = {isa = PBXFileReference; lastKnownFileType = sourcecode.c.objc; path = ViewController.m; sourceTree = "<group>"; };
		5E6F4B4518117F7600312CCD /* Images.xcassets */ = {isa = PBXFileReference; lastKnownFileType = folder.assetcatalog; path = Images.xcassets; sourceTree = "<group>"; };
		5E6F4B4B18117F7600312CCD /* DesignKichinTimerTests.xctest */ = {isa = PBXFileReference; explicitFileType = wrapper.cfbundle; includeInIndex = 0; path = DesignKichinTimerTests.xctest; sourceTree = BUILT_PRODUCTS_DIR; };
		5E6F4B4C18117F7600312CCD /* XCTest.framework */ = {isa = PBXFileReference; lastKnownFileType = wrapper.framework; name = XCTest.framework; path = Library/Frameworks/XCTest.framework; sourceTree = DEVELOPER_DIR; };
		5E6F4B5418117F7700312CCD /* DesignKichinTimerTests-Info.plist */ = {isa = PBXFileReference; lastKnownFileType = text.plist.xml; path = "DesignKichinTimerTests-Info.plist"; sourceTree = "<group>"; };
		5E6F4B5618117F7700312CCD /* en */ = {isa = PBXFileReference; lastKnownFileType = text.plist.strings; name = en; path = en.lproj/InfoPlist.strings; sourceTree = "<group>"; };
		5E6F4B5818117F7700312CCD /* DesignKichinTimerTests.m */ = {isa = PBXFileReference; lastKnownFileType = sourcecode.c.objc; path = DesignKichinTimerTests.m; sourceTree = "<group>"; };
		5E711E4518191B0000E7AA83 /* .gitattributes */ = {isa = PBXFileReference; fileEncoding = 4; lastKnownFileType = text; path = .gitattributes; sourceTree = "<group>"; };
		5E80FDC918530EFB0011AB75 /* IconFree-60.png */ = {isa = PBXFileReference; lastKnownFileType = image.png; path = "IconFree-60.png"; sourceTree = "<group>"; };
		5E80FDCA18530EFB0011AB75 /* IconFree-76.png */ = {isa = PBXFileReference; lastKnownFileType = image.png; path = "IconFree-76.png"; sourceTree = "<group>"; };
		5E80FDCB18530EFB0011AB75 /* IconFree-60@2x.png */ = {isa = PBXFileReference; lastKnownFileType = image.png; path = "IconFree-60@2x.png"; sourceTree = "<group>"; };
		5E80FDCC18530EFB0011AB75 /* IconFree-76@2x.png */ = {isa = PBXFileReference; lastKnownFileType = image.png; path = "IconFree-76@2x.png"; sourceTree = "<group>"; };
		5EA2C09F1811865E00B0FC3D /* .gitignore */ = {isa = PBXFileReference; fileEncoding = 4; lastKnownFileType = text; name = .gitignore; path = DesignKichinTimer/.gitignore; sourceTree = "<group>"; };
		5EA9DA2D184E4CB9004378E0 /* libNendAd.a */ = {isa = PBXFileReference; lastKnownFileType = archive.ar; path = libNendAd.a; sourceTree = "<group>"; };
		5EA9DA2E184E4CB9004378E0 /* NADIconLoader.h */ = {isa = PBXFileReference; fileEncoding = 4; lastKnownFileType = sourcecode.c.h; path = NADIconLoader.h; sourceTree = "<group>"; };
		5EA9DA2F184E4CB9004378E0 /* NADIconView.h */ = {isa = PBXFileReference; fileEncoding = 4; lastKnownFileType = sourcecode.c.h; path = NADIconView.h; sourceTree = "<group>"; };
		5EA9DA30184E4CB9004378E0 /* NADView.h */ = {isa = PBXFileReference; fileEncoding = 4; lastKnownFileType = sourcecode.c.h; path = NADView.h; sourceTree = "<group>"; };
		5EA9DA31184E4CB9004378E0 /* NADView_readme.txt */ = {isa = PBXFileReference; fileEncoding = 4; lastKnownFileType = text; path = NADView_readme.txt; sourceTree = "<group>"; };
		5EC2DCC5182C77B1003E1D5C /* AudioToolbox.framework */ = {isa = PBXFileReference; lastKnownFileType = wrapper.framework; name = AudioToolbox.framework; path = System/Library/Frameworks/AudioToolbox.framework; sourceTree = SDKROOT; };
		5EC2DCC9182FCEB8003E1D5C /* AVFoundation.framework */ = {isa = PBXFileReference; lastKnownFileType = wrapper.framework; name = AVFoundation.framework; path = System/Library/Frameworks/AVFoundation.framework; sourceTree = SDKROOT; };
		5EC2DCD11830A52A003E1D5C /* pi_old.mp3 */ = {isa = PBXFileReference; lastKnownFileType = audio.mp3; path = pi_old.mp3; sourceTree = "<group>"; };
		5ECB0D261832038400103C18 /* piLong.mp3 */ = {isa = PBXFileReference; lastKnownFileType = audio.mp3; path = piLong.mp3; sourceTree = "<group>"; };
		5ECB0D361832173700103C18 /* pi_mono.mp3 */ = {isa = PBXFileReference; lastKnownFileType = audio.mp3; path = pi_mono.mp3; sourceTree = "<group>"; };
		5EF21EC41839260C00C079F0 /* Icon-76.png */ = {isa = PBXFileReference; lastKnownFileType = image.png; path = "Icon-76.png"; sourceTree = "<group>"; };
		5EF21EC51839260C00C079F0 /* Icon-76@2x.png */ = {isa = PBXFileReference; lastKnownFileType = image.png; path = "Icon-76@2x.png"; sourceTree = "<group>"; };
		5EF21EC61839260C00C079F0 /* Icon-60.png */ = {isa = PBXFileReference; lastKnownFileType = image.png; path = "Icon-60.png"; sourceTree = "<group>"; };
		5EF21EC71839260C00C079F0 /* Icon-60@2x.png */ = {isa = PBXFileReference; lastKnownFileType = image.png; path = "Icon-60@2x.png"; sourceTree = "<group>"; };
/* End PBXFileReference section */

/* Begin PBXFrameworksBuildPhase section */
		5E6F4B2418117F7600312CCD /* Frameworks */ = {
			isa = PBXFrameworksBuildPhase;
			buildActionMask = 2147483647;
			files = (
				5E26A2F5185C977800763D48 /* libAdStir-GoogleAdMob.a in Frameworks */,
				5E1E11DD18350D1500307C8F /* MediaPlayer.framework in Frameworks */,
				5E1E11F11836A4AD00307C8F /* iAd.framework in Frameworks */,
				5E26A2F6185C977800763D48 /* libAdStir-iAd.a in Frameworks */,
				5E1E11EF18350F1100307C8F /* AdSupport.framework in Frameworks */,
				5E1E11DF18350D3100307C8F /* StoreKit.framework in Frameworks */,
				5E1E11DB18350D0500307C8F /* CoreLocation.framework in Frameworks */,
				5E1E11D91834F82600307C8F /* SystemConfiguration.framework in Frameworks */,
				5E1E11D71834F81500307C8F /* MessageUI.framework in Frameworks */,
				5EC2DCCA182FCEB8003E1D5C /* AVFoundation.framework in Frameworks */,
				5EC2DCC6182C77B1003E1D5C /* AudioToolbox.framework in Frameworks */,
				5E42589C181CF29300171F1F /* QuartzCore.framework in Frameworks */,
				5E6F4B2D18117F7600312CCD /* CoreGraphics.framework in Frameworks */,
				5E26A2FE185C977800763D48 /* libAdstirWebView.a in Frameworks */,
				5E26A2FA185C977800763D48 /* libAdStir-nend.a in Frameworks */,
				5E26A2FB185C977800763D48 /* libAdStir.a in Frameworks */,
				5E5DF03818438FB50098499A /* libGoogleAdMobAds.a in Frameworks */,
				5EC82B1218515A8D000DC598 /* libNendAd.a in Frameworks */,
				5E6F4B2F18117F7600312CCD /* UIKit.framework in Frameworks */,
				5E6F4B2B18117F7600312CCD /* Foundation.framework in Frameworks */,
			);
			runOnlyForDeploymentPostprocessing = 0;
		};
		5E6F4B4818117F7600312CCD /* Frameworks */ = {
			isa = PBXFrameworksBuildPhase;
			buildActionMask = 2147483647;
			files = (
				5E6F4B4D18117F7600312CCD /* XCTest.framework in Frameworks */,
				5E6F4B4F18117F7700312CCD /* UIKit.framework in Frameworks */,
				5E6F4B4E18117F7600312CCD /* Foundation.framework in Frameworks */,
			);
			runOnlyForDeploymentPostprocessing = 0;
		};
/* End PBXFrameworksBuildPhase section */

/* Begin PBXGroup section */
		5E220DD11842624A00D2ACB0 /* CustomClass */ = {
			isa = PBXGroup;
			children = (
				5E220DCB18425F3900D2ACB0 /* SoundOnFlag.h */,
				5E220DCC18425F3900D2ACB0 /* SoundOnFlag.m */,
				5E24805F18558F9F0032AF77 /* VibrateOnFlag.h */,
				5E24806018558F9F0032AF77 /* VibrateOnFlag.m */,
				5E220DCE184261F100D2ACB0 /* MySetBtn.h */,
				5E220DCF184261F100D2ACB0 /* MySetBtn.m */,
				5E5DF023184327510098499A /* MyModeBtn.h */,
				5E5DF024184327510098499A /* MyModeBtn.m */,
				5E5DF026184377EC0098499A /* MyCntLabel.h */,
				5E5DF027184377EC0098499A /* MyCntLabel.m */,
			);
			name = CustomClass;
			sourceTree = "<group>";
		};
		5E220DD21842630700D2ACB0 /* IconPng-Free */ = {
			isa = PBXGroup;
			children = (
				5E80FDC918530EFB0011AB75 /* IconFree-60.png */,
				5E80FDCA18530EFB0011AB75 /* IconFree-76.png */,
				5E80FDCB18530EFB0011AB75 /* IconFree-60@2x.png */,
				5E80FDCC18530EFB0011AB75 /* IconFree-76@2x.png */,
				5EF21EC41839260C00C079F0 /* Icon-76.png */,
				5EF21EC51839260C00C079F0 /* Icon-76@2x.png */,
				5EF21EC61839260C00C079F0 /* Icon-60.png */,
				5EF21EC71839260C00C079F0 /* Icon-60@2x.png */,
			);
			name = "IconPng-Free";
			sourceTree = "<group>";
		};
		5E220DD31842637900D2ACB0 /* DefaultClass */ = {
			isa = PBXGroup;
			children = (
				5E6F4B3C18117F7600312CCD /* Main_iPhone.storyboard */,
				5E6F4B3F18117F7600312CCD /* Main_iPad.storyboard */,
				5E6F4B3918117F7600312CCD /* AppDelegate.h */,
				5E6F4B3A18117F7600312CCD /* AppDelegate.m */,
			);
			name = DefaultClass;
			sourceTree = "<group>";
		};
		5E5DF02C18438F7C0098499A /* GoogleADMobSDK */ = {
			isa = PBXGroup;
			children = (
				5E5DF02D18438FB50098499A /* GADAdMobExtras.h */,
				5E5DF02E18438FB50098499A /* GADAdNetworkExtras.h */,
				5E5DF02F18438FB50098499A /* GADAdSize.h */,
				5E5DF03018438FB50098499A /* GADBannerView.h */,
				5E5DF03118438FB50098499A /* GADBannerViewDelegate.h */,
				5E5DF03218438FB50098499A /* GADInterstitial.h */,
				5E5DF03318438FB50098499A /* GADInterstitialDelegate.h */,
				5E5DF03418438FB50098499A /* GADRequest.h */,
				5E5DF03518438FB50098499A /* GADRequestError.h */,
				5E5DF03618438FB50098499A /* libGoogleAdMobAds.a */,
				5E5DF03718438FB50098499A /* AdMob_README.txt */,
			);
			name = GoogleADMobSDK;
			sourceTree = "<group>";
		};
		5E6F4B1E18117F7600312CCD = {
			isa = PBXGroup;
			children = (
				5E711E4518191B0000E7AA83 /* .gitattributes */,
				5EA2C09F1811865E00B0FC3D /* .gitignore */,
				5E220DD21842630700D2ACB0 /* IconPng-Free */,
				5EA9DA34184E4D2E004378E0 /* AdStirSDK */,
				5EA9DA2C184E4C8F004378E0 /* NendAdSDK */,
				5E5DF02C18438F7C0098499A /* GoogleADMobSDK */,
				5EA9DA52184E4DA9004378E0 /* JSONKit */,
				5E220DD31842637900D2ACB0 /* DefaultClass */,
				5E220DD11842624A00D2ACB0 /* CustomClass */,
				5E6F4B3018117F7600312CCD /* DesignKichinTimer */,
				5E6F4B5218117F7700312CCD /* DesignKichinTimerTests */,
				5E6F4B2918117F7600312CCD /* Frameworks */,
				5E6F4B2818117F7600312CCD /* Products */,
			);
			sourceTree = "<group>";
		};
		5E6F4B2818117F7600312CCD /* Products */ = {
			isa = PBXGroup;
			children = (
				5E6F4B2718117F7600312CCD /* DesignKichinTimer.app */,
				5E6F4B4B18117F7600312CCD /* DesignKichinTimerTests.xctest */,
			);
			name = Products;
			sourceTree = "<group>";
		};
		5E6F4B2918117F7600312CCD /* Frameworks */ = {
			isa = PBXGroup;
			children = (
				5E1E11F01836A4AD00307C8F /* iAd.framework */,
				5E1E11EE18350F1100307C8F /* AdSupport.framework */,
				5E1E11DE18350D3100307C8F /* StoreKit.framework */,
				5E1E11DC18350D1500307C8F /* MediaPlayer.framework */,
				5E1E11DA18350D0500307C8F /* CoreLocation.framework */,
				5E1E11D81834F82600307C8F /* SystemConfiguration.framework */,
				5E1E11D61834F81500307C8F /* MessageUI.framework */,
				5EC2DCC9182FCEB8003E1D5C /* AVFoundation.framework */,
				5EC2DCC5182C77B1003E1D5C /* AudioToolbox.framework */,
				5E42589B181CF29300171F1F /* QuartzCore.framework */,
				5E6F4B2A18117F7600312CCD /* Foundation.framework */,
				5E6F4B2C18117F7600312CCD /* CoreGraphics.framework */,
				5E6F4B2E18117F7600312CCD /* UIKit.framework */,
				5E6F4B4C18117F7600312CCD /* XCTest.framework */,
			);
			name = Frameworks;
			sourceTree = "<group>";
		};
		5E6F4B3018117F7600312CCD /* DesignKichinTimer */ = {
			isa = PBXGroup;
			children = (
				5E6F4B4218117F7600312CCD /* ViewController.h */,
				5E6F4B4318117F7600312CCD /* ViewController.m */,
				5E6F4B4518117F7600312CCD /* Images.xcassets */,
				5E6F4B3118117F7600312CCD /* Supporting Files */,
			);
			path = DesignKichinTimer;
			sourceTree = "<group>";
		};
		5E6F4B3118117F7600312CCD /* Supporting Files */ = {
			isa = PBXGroup;
			children = (
				5E2480731856FE6B0032AF77 /* IconSndOff.png */,
				5E2480741856FE6B0032AF77 /* IconSndTouch.png */,
				5E2480711856FD4D0032AF77 /* IconSndOn.png */,
				5E24806C1856F5D80032AF77 /* IconVibTouch.png */,
				5E2480651856ED3E0032AF77 /* IconVibOn.png */,
				5E2480661856ED3E0032AF77 /* IconVibOff.png */,
				5ECB0D361832173700103C18 /* pi_mono.mp3 */,
				5ECB0D261832038400103C18 /* piLong.mp3 */,
				5EC2DCD11830A52A003E1D5C /* pi_old.mp3 */,
				5E6F4B3218117F7600312CCD /* DesignKichinTimer-Info.plist */,
				5E6F4B3318117F7600312CCD /* InfoPlist.strings */,
				5E6F4B3618117F7600312CCD /* main.m */,
				5E6F4B3818117F7600312CCD /* DesignKichinTimer-Prefix.pch */,
				5E42589918192B7F00171F1F /* Localizable.strings */,
			);
			name = "Supporting Files";
			sourceTree = "<group>";
		};
		5E6F4B5218117F7700312CCD /* DesignKichinTimerTests */ = {
			isa = PBXGroup;
			children = (
				5E6F4B5818117F7700312CCD /* DesignKichinTimerTests.m */,
				5E6F4B5318117F7700312CCD /* Supporting Files */,
			);
			path = DesignKichinTimerTests;
			sourceTree = "<group>";
		};
		5E6F4B5318117F7700312CCD /* Supporting Files */ = {
			isa = PBXGroup;
			children = (
				5E6F4B5418117F7700312CCD /* DesignKichinTimerTests-Info.plist */,
				5E6F4B5518117F7700312CCD /* InfoPlist.strings */,
			);
			name = "Supporting Files";
			sourceTree = "<group>";
		};
		5EA9DA2C184E4C8F004378E0 /* NendAdSDK */ = {
			isa = PBXGroup;
			children = (
				5EA9DA2D184E4CB9004378E0 /* libNendAd.a */,
				5EA9DA2E184E4CB9004378E0 /* NADIconLoader.h */,
				5EA9DA2F184E4CB9004378E0 /* NADIconView.h */,
				5EA9DA30184E4CB9004378E0 /* NADView.h */,
				5EA9DA31184E4CB9004378E0 /* NADView_readme.txt */,
			);
			name = NendAdSDK;
			sourceTree = "<group>";
		};
		5EA9DA34184E4D2E004378E0 /* AdStirSDK */ = {
			isa = PBXGroup;
			children = (
				5E26A2E5185C977800763D48 /* AdstirView.h */,
				5E26A2E8185C977800763D48 /* libAdStir-GoogleAdMob.a */,
				5E26A2E9185C977800763D48 /* libAdStir-iAd.a */,
				5E26A2ED185C977800763D48 /* libAdStir-nend.a */,
				5E26A2EE185C977800763D48 /* libAdStir.a */,
				5E26A2EF185C977800763D48 /* AdSrir_readme.txt */,
				5E26A2F1185C977800763D48 /* libAdstirWebView.a */,
				5E26A2F2185C977800763D48 /* AdstirWebView.h */,
			);
			name = AdStirSDK;
			sourceTree = "<group>";
		};
		5EA9DA52184E4DA9004378E0 /* JSONKit */ = {
			isa = PBXGroup;
			children = (
				5E26A2FF185C984600763D48 /* CHANGELOG.md */,
				5E26A300185C984600763D48 /* JSONKit.h */,
				5E26A301185C984600763D48 /* JSONKit.m */,
				5E26A302185C984600763D48 /* JSONKit-README.md */,
			);
			name = JSONKit;
			sourceTree = "<group>";
		};
/* End PBXGroup section */

/* Begin PBXNativeTarget section */
		5E6F4B2618117F7600312CCD /* DesignKichinTimer */ = {
			isa = PBXNativeTarget;
			buildConfigurationList = 5E6F4B5C18117F7700312CCD /* Build configuration list for PBXNativeTarget "DesignKichinTimer" */;
			buildPhases = (
				5E6F4B2318117F7600312CCD /* Sources */,
				5E6F4B2418117F7600312CCD /* Frameworks */,
				5E6F4B2518117F7600312CCD /* Resources */,
			);
			buildRules = (
			);
			dependencies = (
			);
			name = DesignKichinTimer;
			productName = DesignKichinTimer;
			productReference = 5E6F4B2718117F7600312CCD /* DesignKichinTimer.app */;
			productType = "com.apple.product-type.application";
		};
		5E6F4B4A18117F7600312CCD /* DesignKichinTimerTests */ = {
			isa = PBXNativeTarget;
			buildConfigurationList = 5E6F4B5F18117F7700312CCD /* Build configuration list for PBXNativeTarget "DesignKichinTimerTests" */;
			buildPhases = (
				5E6F4B4718117F7600312CCD /* Sources */,
				5E6F4B4818117F7600312CCD /* Frameworks */,
				5E6F4B4918117F7600312CCD /* Resources */,
			);
			buildRules = (
			);
			dependencies = (
				5E6F4B5118117F7700312CCD /* PBXTargetDependency */,
			);
			name = DesignKichinTimerTests;
			productName = DesignKichinTimerTests;
			productReference = 5E6F4B4B18117F7600312CCD /* DesignKichinTimerTests.xctest */;
			productType = "com.apple.product-type.bundle.unit-test";
		};
/* End PBXNativeTarget section */

/* Begin PBXProject section */
		5E6F4B1F18117F7600312CCD /* Project object */ = {
			isa = PBXProject;
			attributes = {
				LastUpgradeCheck = 0500;
				ORGANIZATIONNAME = FoceSystemSolution;
				TargetAttributes = {
					5E6F4B4A18117F7600312CCD = {
						TestTargetID = 5E6F4B2618117F7600312CCD;
					};
				};
			};
			buildConfigurationList = 5E6F4B2218117F7600312CCD /* Build configuration list for PBXProject "DesignKichinTimer" */;
			compatibilityVersion = "Xcode 3.2";
			developmentRegion = English;
			hasScannedForEncodings = 0;
			knownRegions = (
				en,
				Base,
				ja,
				ar,
				ca,
				cs,
				da,
				de,
				el,
				es,
				fi,
				fr,
				he,
				hu,
				id,
				it,
				ko,
				ms,
				nb,
				nl,
				pl,
				"pt-BR",
				pt,
				ro,
				ru,
				sk,
				sv,
				th,
				tr,
				vi,
				"zh-Hans",
				"zh-Hant",
			);
			mainGroup = 5E6F4B1E18117F7600312CCD;
			productRefGroup = 5E6F4B2818117F7600312CCD /* Products */;
			projectDirPath = "";
			projectRoot = "";
			targets = (
				5E6F4B2618117F7600312CCD /* DesignKichinTimer */,
				5E6F4B4A18117F7600312CCD /* DesignKichinTimerTests */,
			);
		};
/* End PBXProject section */

/* Begin PBXResourcesBuildPhase section */
		5E6F4B2518117F7600312CCD /* Resources */ = {
			isa = PBXResourcesBuildPhase;
			buildActionMask = 2147483647;
			files = (
				5E2480701856F5D80032AF77 /* IconVibTouch.png in Resources */,
				5E2480751856FE6B0032AF77 /* IconSndOff.png in Resources */,
				5E2480681856ED3E0032AF77 /* IconVibOff.png in Resources */,
				5ECB0D371832173700103C18 /* pi_mono.mp3 in Resources */,
				5EF21EC81839260C00C079F0 /* Icon-76.png in Resources */,
				5EA2C0A01811865E00B0FC3D /* .gitignore in Resources */,
				5E26A2FC185C977800763D48 /* AdSrir_readme.txt in Resources */,
				5E80FDCF18530EFB0011AB75 /* IconFree-60@2x.png in Resources */,
				5E711E4618191B0000E7AA83 /* .gitattributes in Resources */,
				5E5DF03918438FB50098499A /* AdMob_README.txt in Resources */,
				5EF21EC91839260C00C079F0 /* Icon-76@2x.png in Resources */,
				5E2480721856FD4D0032AF77 /* IconSndOn.png in Resources */,
				5EC2DCD21830A52A003E1D5C /* pi_old.mp3 in Resources */,
				5E26A305185C984600763D48 /* JSONKit-README.md in Resources */,
				5E80FDD018530EFB0011AB75 /* IconFree-76@2x.png in Resources */,
				5E6F4B4118117F7600312CCD /* Main_iPad.storyboard in Resources */,
				5E42589718192B7F00171F1F /* Localizable.strings in Resources */,
				5E2480671856ED3E0032AF77 /* IconVibOn.png in Resources */,
				5E80FDCD18530EFB0011AB75 /* IconFree-60.png in Resources */,
				5E6F4B4618117F7600312CCD /* Images.xcassets in Resources */,
				5E26A303185C984600763D48 /* CHANGELOG.md in Resources */,
				5ECB0D271832038400103C18 /* piLong.mp3 in Resources */,
				5EA9DA33184E4CB9004378E0 /* NADView_readme.txt in Resources */,
				5E2480761856FE6B0032AF77 /* IconSndTouch.png in Resources */,
				5E6F4B3E18117F7600312CCD /* Main_iPhone.storyboard in Resources */,
				5EF21ECA1839260C00C079F0 /* Icon-60.png in Resources */,
				5EF21ECB1839260C00C079F0 /* Icon-60@2x.png in Resources */,
				5E6F4B3518117F7600312CCD /* InfoPlist.strings in Resources */,
				5E80FDCE18530EFB0011AB75 /* IconFree-76.png in Resources */,
			);
			runOnlyForDeploymentPostprocessing = 0;
		};
		5E6F4B4918117F7600312CCD /* Resources */ = {
			isa = PBXResourcesBuildPhase;
			buildActionMask = 2147483647;
			files = (
				5E6F4B5718117F7700312CCD /* InfoPlist.strings in Resources */,
			);
			runOnlyForDeploymentPostprocessing = 0;
		};
/* End PBXResourcesBuildPhase section */

/* Begin PBXSourcesBuildPhase section */
		5E6F4B2318117F7600312CCD /* Sources */ = {
			isa = PBXSourcesBuildPhase;
			buildActionMask = 2147483647;
			files = (
				5E5DF028184377EC0098499A /* MyCntLabel.m in Sources */,
				5E6F4B4418117F7600312CCD /* ViewController.m in Sources */,
				5E26A304185C984600763D48 /* JSONKit.m in Sources */,
				5E220DCD18425F3900D2ACB0 /* SoundOnFlag.m in Sources */,
				5E6F4B3B18117F7600312CCD /* AppDelegate.m in Sources */,
				5E5DF025184327510098499A /* MyModeBtn.m in Sources */,
				5E220DD0184261F100D2ACB0 /* MySetBtn.m in Sources */,
				5E24806118558F9F0032AF77 /* VibrateOnFlag.m in Sources */,
				5E6F4B3718117F7600312CCD /* main.m in Sources */,
			);
			runOnlyForDeploymentPostprocessing = 0;
		};
		5E6F4B4718117F7600312CCD /* Sources */ = {
			isa = PBXSourcesBuildPhase;
			buildActionMask = 2147483647;
			files = (
				5E6F4B5918117F7700312CCD /* DesignKichinTimerTests.m in Sources */,
			);
			runOnlyForDeploymentPostprocessing = 0;
		};
/* End PBXSourcesBuildPhase section */

/* Begin PBXTargetDependency section */
		5E6F4B5118117F7700312CCD /* PBXTargetDependency */ = {
			isa = PBXTargetDependency;
			target = 5E6F4B2618117F7600312CCD /* DesignKichinTimer */;
			targetProxy = 5E6F4B5018117F7700312CCD /* PBXContainerItemProxy */;
		};
/* End PBXTargetDependency section */

/* Begin PBXVariantGroup section */
		5E42589918192B7F00171F1F /* Localizable.strings */ = {
			isa = PBXVariantGroup;
			children = (
				5E42589818192B7F00171F1F /* Base */,
				5E42589A18192B8800171F1F /* ja */,
				5E243BD9182504DC005C31D2 /* en */,
			);
			name = Localizable.strings;
			sourceTree = "<group>";
		};
		5E6F4B3318117F7600312CCD /* InfoPlist.strings */ = {
			isa = PBXVariantGroup;
			children = (
				5E6F4B3418117F7600312CCD /* en */,
				5E42589418192B2600171F1F /* ja */,
				5E243BDA182504E7005C31D2 /* Base */,
			);
			name = InfoPlist.strings;
			sourceTree = "<group>";
		};
		5E6F4B3C18117F7600312CCD /* Main_iPhone.storyboard */ = {
			isa = PBXVariantGroup;
			children = (
				5E6F4B3D18117F7600312CCD /* Base */,
			);
			name = Main_iPhone.storyboard;
			path = DesignKichinTimer;
			sourceTree = "<group>";
		};
		5E6F4B3F18117F7600312CCD /* Main_iPad.storyboard */ = {
			isa = PBXVariantGroup;
			children = (
				5E6F4B4018117F7600312CCD /* Base */,
			);
			name = Main_iPad.storyboard;
			path = DesignKichinTimer;
			sourceTree = "<group>";
		};
		5E6F4B5518117F7700312CCD /* InfoPlist.strings */ = {
			isa = PBXVariantGroup;
			children = (
				5E6F4B5618117F7700312CCD /* en */,
			);
			name = InfoPlist.strings;
			sourceTree = "<group>";
		};
/* End PBXVariantGroup section */

/* Begin XCBuildConfiguration section */
		5E6F4B5A18117F7700312CCD /* Debug */ = {
			isa = XCBuildConfiguration;
			buildSettings = {
				ALWAYS_SEARCH_USER_PATHS = NO;
				ARCHS = "$(ARCHS_STANDARD_INCLUDING_64_BIT)";
				CLANG_CXX_LANGUAGE_STANDARD = "gnu++0x";
				CLANG_CXX_LIBRARY = "libc++";
				CLANG_ENABLE_MODULES = YES;
				CLANG_ENABLE_OBJC_ARC = YES;
				CLANG_WARN_BOOL_CONVERSION = YES;
				CLANG_WARN_CONSTANT_CONVERSION = YES;
				CLANG_WARN_DIRECT_OBJC_ISA_USAGE = YES_ERROR;
				CLANG_WARN_EMPTY_BODY = YES;
				CLANG_WARN_ENUM_CONVERSION = YES;
				CLANG_WARN_INT_CONVERSION = YES;
				CLANG_WARN_OBJC_ROOT_CLASS = YES_ERROR;
				CLANG_WARN__DUPLICATE_METHOD_MATCH = YES;
				CODE_SIGN_IDENTITY = "iPhone Distribution: Makoto Amano (GWL53QY8D7)";
				"CODE_SIGN_IDENTITY[sdk=iphoneos*]" = "iPhone Developer";
				COPY_PHASE_STRIP = NO;
				GCC_C_LANGUAGE_STANDARD = gnu99;
				GCC_DYNAMIC_NO_PIC = NO;
				GCC_OPTIMIZATION_LEVEL = 0;
				GCC_PREPROCESSOR_DEFINITIONS = (
					"DEBUG=1",
					"$(inherited)",
				);
				GCC_SYMBOLS_PRIVATE_EXTERN = NO;
				GCC_WARN_64_TO_32_BIT_CONVERSION = YES;
				GCC_WARN_ABOUT_RETURN_TYPE = YES_ERROR;
				GCC_WARN_UNDECLARED_SELECTOR = YES;
				GCC_WARN_UNINITIALIZED_AUTOS = YES;
				GCC_WARN_UNUSED_FUNCTION = YES;
				GCC_WARN_UNUSED_VARIABLE = YES;
				IPHONEOS_DEPLOYMENT_TARGET = 7.0;
				ONLY_ACTIVE_ARCH = YES;
				SDKROOT = iphoneos;
				TARGETED_DEVICE_FAMILY = "1,2";
			};
			name = Debug;
		};
		5E6F4B5B18117F7700312CCD /* Release */ = {
			isa = XCBuildConfiguration;
			buildSettings = {
				ALWAYS_SEARCH_USER_PATHS = NO;
				ARCHS = "$(ARCHS_STANDARD_INCLUDING_64_BIT)";
				CLANG_CXX_LANGUAGE_STANDARD = "gnu++0x";
				CLANG_CXX_LIBRARY = "libc++";
				CLANG_ENABLE_MODULES = YES;
				CLANG_ENABLE_OBJC_ARC = YES;
				CLANG_WARN_BOOL_CONVERSION = YES;
				CLANG_WARN_CONSTANT_CONVERSION = YES;
				CLANG_WARN_DIRECT_OBJC_ISA_USAGE = YES_ERROR;
				CLANG_WARN_EMPTY_BODY = YES;
				CLANG_WARN_ENUM_CONVERSION = YES;
				CLANG_WARN_INT_CONVERSION = YES;
				CLANG_WARN_OBJC_ROOT_CLASS = YES_ERROR;
				CLANG_WARN__DUPLICATE_METHOD_MATCH = YES;
				CODE_SIGN_IDENTITY = "iPhone Distribution: Makoto Amano (GWL53QY8D7)";
				"CODE_SIGN_IDENTITY[sdk=iphoneos*]" = "iPhone Developer";
				COPY_PHASE_STRIP = YES;
				ENABLE_NS_ASSERTIONS = NO;
				GCC_C_LANGUAGE_STANDARD = gnu99;
				GCC_WARN_64_TO_32_BIT_CONVERSION = YES;
				GCC_WARN_ABOUT_RETURN_TYPE = YES_ERROR;
				GCC_WARN_UNDECLARED_SELECTOR = YES;
				GCC_WARN_UNINITIALIZED_AUTOS = YES;
				GCC_WARN_UNUSED_FUNCTION = YES;
				GCC_WARN_UNUSED_VARIABLE = YES;
				IPHONEOS_DEPLOYMENT_TARGET = 7.0;
				SDKROOT = iphoneos;
				TARGETED_DEVICE_FAMILY = "1,2";
				VALIDATE_PRODUCT = YES;
			};
			name = Release;
		};
		5E6F4B5D18117F7700312CCD /* Debug */ = {
			isa = XCBuildConfiguration;
			buildSettings = {
				ASSETCATALOG_COMPILER_APPICON_NAME = AppIcon;
				ASSETCATALOG_COMPILER_LAUNCHIMAGE_NAME = LaunchImage;
				GCC_PRECOMPILE_PREFIX_HEADER = YES;
				GCC_PREFIX_HEADER = "DesignKichinTimer/DesignKichinTimer-Prefix.pch";
				HEADER_SEARCH_PATHS = "";
				INFOPLIST_FILE = "DesignKichinTimer/DesignKichinTimer-Info.plist";
				IPHONEOS_DEPLOYMENT_TARGET = 7.0;
				LIBRARY_SEARCH_PATHS = /Users/zzz/XCodeWorks/DesignKichinTimer;
				"OTHER_LDFLAGS[arch=*]" = "-ObjC";
				PRODUCT_NAME = "$(TARGET_NAME)";
				PROVISIONING_PROFILE = "";
				WRAPPER_EXTENSION = app;
			};
			name = Debug;
		};
		5E6F4B5E18117F7700312CCD /* Release */ = {
			isa = XCBuildConfiguration;
			buildSettings = {
				ASSETCATALOG_COMPILER_APPICON_NAME = AppIcon;
				ASSETCATALOG_COMPILER_LAUNCHIMAGE_NAME = LaunchImage;
				GCC_PRECOMPILE_PREFIX_HEADER = YES;
				GCC_PREFIX_HEADER = "DesignKichinTimer/DesignKichinTimer-Prefix.pch";
				HEADER_SEARCH_PATHS = "";
				INFOPLIST_FILE = "DesignKichinTimer/DesignKichinTimer-Info.plist";
				IPHONEOS_DEPLOYMENT_TARGET = 7.0;
				LIBRARY_SEARCH_PATHS = /Users/zzz/XCodeWorks/DesignKichinTimer;
				"OTHER_LDFLAGS[arch=*]" = "-ObjC";
				PRODUCT_NAME = "$(TARGET_NAME)";
				PROVISIONING_PROFILE = "";
				WRAPPER_EXTENSION = app;
			};
			name = Release;
		};
		5E6F4B6018117F7700312CCD /* Debug */ = {
			isa = XCBuildConfiguration;
			buildSettings = {
				ARCHS = "$(ARCHS_STANDARD_INCLUDING_64_BIT)";
				BUNDLE_LOADER = "$(BUILT_PRODUCTS_DIR)/DesignKichinTimer.app/DesignKichinTimer";
				FRAMEWORK_SEARCH_PATHS = (
					"$(SDKROOT)/Developer/Library/Frameworks",
					"$(inherited)",
					"$(DEVELOPER_FRAMEWORKS_DIR)",
				);
				GCC_PRECOMPILE_PREFIX_HEADER = YES;
				GCC_PREFIX_HEADER = "DesignKichinTimer/DesignKichinTimer-Prefix.pch";
				GCC_PREPROCESSOR_DEFINITIONS = (
					"DEBUG=1",
					"$(inherited)",
				);
				INFOPLIST_FILE = "DesignKichinTimerTests/DesignKichinTimerTests-Info.plist";
				PRODUCT_NAME = "$(TARGET_NAME)";
				TEST_HOST = "$(BUNDLE_LOADER)";
				WRAPPER_EXTENSION = xctest;
			};
			name = Debug;
		};
		5E6F4B6118117F7700312CCD /* Release */ = {
			isa = XCBuildConfiguration;
			buildSettings = {
				ARCHS = "$(ARCHS_STANDARD_INCLUDING_64_BIT)";
				BUNDLE_LOADER = "$(BUILT_PRODUCTS_DIR)/DesignKichinTimer.app/DesignKichinTimer";
				FRAMEWORK_SEARCH_PATHS = (
					"$(SDKROOT)/Developer/Library/Frameworks",
					"$(inherited)",
					"$(DEVELOPER_FRAMEWORKS_DIR)",
				);
				GCC_PRECOMPILE_PREFIX_HEADER = YES;
				GCC_PREFIX_HEADER = "DesignKichinTimer/DesignKichinTimer-Prefix.pch";
				INFOPLIST_FILE = "DesignKichinTimerTests/DesignKichinTimerTests-Info.plist";
				PRODUCT_NAME = "$(TARGET_NAME)";
				TEST_HOST = "$(BUNDLE_LOADER)";
				WRAPPER_EXTENSION = xctest;
			};
			name = Release;
		};
/* End XCBuildConfiguration section */

/* Begin XCConfigurationList section */
		5E6F4B2218117F7600312CCD /* Build configuration list for PBXProject "DesignKichinTimer" */ = {
			isa = XCConfigurationList;
			buildConfigurations = (
				5E6F4B5A18117F7700312CCD /* Debug */,
				5E6F4B5B18117F7700312CCD /* Release */,
			);
			defaultConfigurationIsVisible = 0;
			defaultConfigurationName = Release;
		};
		5E6F4B5C18117F7700312CCD /* Build configuration list for PBXNativeTarget "DesignKichinTimer" */ = {
			isa = XCConfigurationList;
			buildConfigurations = (
				5E6F4B5D18117F7700312CCD /* Debug */,
				5E6F4B5E18117F7700312CCD /* Release */,
			);
			defaultConfigurationIsVisible = 0;
			defaultConfigurationName = Release;
		};
		5E6F4B5F18117F7700312CCD /* Build configuration list for PBXNativeTarget "DesignKichinTimerTests" */ = {
			isa = XCConfigurationList;
			buildConfigurations = (
				5E6F4B6018117F7700312CCD /* Debug */,
				5E6F4B6118117F7700312CCD /* Release */,
			);
			defaultConfigurationIsVisible = 0;
			defaultConfigurationName = Release;
		};
/* End XCConfigurationList section */
	};
	rootObject = 5E6F4B1F18117F7600312CCD /* Project object */;
}
