// !$*UTF8*$!
{
	archiveVersion = 1;
	classes = {
	};
	objectVersion = 46;
	objects = {

/* Begin PBXBuildFile section */
		5E1E11D71834F81500307C8F /* MessageUI.framework in Frameworks */ = {isa = PBXBuildFile; fileRef = 5E1E11D61834F81500307C8F /* MessageUI.framework */; };
		5E1E11D91834F82600307C8F /* SystemConfiguration.framework in Frameworks */ = {isa = PBXBuildFile; fileRef = 5E1E11D81834F82600307C8F /* SystemConfiguration.framework */; };
		5E1E11DB18350D0500307C8F /* CoreLocation.framework in Frameworks */ = {isa = PBXBuildFile; fileRef = 5E1E11DA18350D0500307C8F /* CoreLocation.framework */; };
		5E1E11DD18350D1500307C8F /* MediaPlayer.framework in Frameworks */ = {isa = PBXBuildFile; fileRef = 5E1E11DC18350D1500307C8F /* MediaPlayer.framework */; };
		5E1E11DF18350D3100307C8F /* StoreKit.framework in Frameworks */ = {isa = PBXBuildFile; fileRef = 5E1E11DE18350D3100307C8F /* StoreKit.framework */; };
		5E1E11EF18350F1100307C8F /* AdSupport.framework in Frameworks */ = {isa = PBXBuildFile; fileRef = 5E1E11EE18350F1100307C8F /* AdSupport.framework */; };
		5E1E11F11836A4AD00307C8F /* iAd.framework in Frameworks */ = {isa = PBXBuildFile; fileRef = 5E1E11F01836A4AD00307C8F /* iAd.framework */; };
		5E220DCD18425F3900D2ACB0 /* SoundOnFlag.m in Sources */ = {isa = PBXBuildFile; fileRef = 5E220DCC18425F3900D2ACB0 /* SoundOnFlag.m */; };
		5E220DD0184261F100D2ACB0 /* MySetBtn.m in Sources */ = {isa = PBXBuildFile; fileRef = 5E220DCF184261F100D2ACB0 /* MySetBtn.m */; };
		5E23549A186DA7250055217F /* IconInfo.png in Resources */ = {isa = PBXBuildFile; fileRef = 5E235499186DA7250055217F /* IconInfo.png */; };
		5E24806118558F9F0032AF77 /* VibrateOnFlag.m in Sources */ = {isa = PBXBuildFile; fileRef = 5E24806018558F9F0032AF77 /* VibrateOnFlag.m */; };
		5E2480671856ED3E0032AF77 /* IconVibOn.png in Resources */ = {isa = PBXBuildFile; fileRef = 5E2480651856ED3E0032AF77 /* IconVibOn.png */; };
		5E2480681856ED3E0032AF77 /* IconVibOff.png in Resources */ = {isa = PBXBuildFile; fileRef = 5E2480661856ED3E0032AF77 /* IconVibOff.png */; };
		5E2480701856F5D80032AF77 /* IconVibTouch.png in Resources */ = {isa = PBXBuildFile; fileRef = 5E24806C1856F5D80032AF77 /* IconVibTouch.png */; };
		5E2480721856FD4D0032AF77 /* IconSndOn.png in Resources */ = {isa = PBXBuildFile; fileRef = 5E2480711856FD4D0032AF77 /* IconSndOn.png */; };
		5E2480751856FE6B0032AF77 /* IconSndOff.png in Resources */ = {isa = PBXBuildFile; fileRef = 5E2480731856FE6B0032AF77 /* IconSndOff.png */; };
		5E2480761856FE6B0032AF77 /* IconSndTouch.png in Resources */ = {isa = PBXBuildFile; fileRef = 5E2480741856FE6B0032AF77 /* IconSndTouch.png */; };
		5E2809E018DADD1400A28373 /* Icon60_pro.png in Resources */ = {isa = PBXBuildFile; fileRef = 5E2809DC18DADD1400A28373 /* Icon60_pro.png */; };
		5E2809E118DADD1400A28373 /* Icon60@2x_pro.png in Resources */ = {isa = PBXBuildFile; fileRef = 5E2809DD18DADD1400A28373 /* Icon60@2x_pro.png */; };
		5E2809E218DADD1400A28373 /* Icon76_pro.png in Resources */ = {isa = PBXBuildFile; fileRef = 5E2809DE18DADD1400A28373 /* Icon76_pro.png */; };
		5E2809E318DADD1400A28373 /* Icon76@2x_pro.png in Resources */ = {isa = PBXBuildFile; fileRef = 5E2809DF18DADD1400A28373 /* Icon76@2x_pro.png */; };
		5E30A82B18D722E7001D468A /* batten33.png in Resources */ = {isa = PBXBuildFile; fileRef = 5E30A82A18D722E7001D468A /* batten33.png */; };
		5E4017A718D89A3400CE074E /* libNendAd.a in Frameworks */ = {isa = PBXBuildFile; fileRef = 5E4017A118D89A3400CE074E /* libNendAd.a */; };
		5E4017A818D89A3400CE074E /* NADView_readme.txt in Resources */ = {isa = PBXBuildFile; fileRef = 5E4017A618D89A3400CE074E /* NADView_readme.txt */; };
		5E42589718192B7F00171F1F /* Localizable.strings in Resources */ = {isa = PBXBuildFile; fileRef = 5E42589918192B7F00171F1F /* Localizable.strings */; };
		5E42589C181CF29300171F1F /* QuartzCore.framework in Frameworks */ = {isa = PBXBuildFile; fileRef = 5E42589B181CF29300171F1F /* QuartzCore.framework */; };
		5E4ECBD01866250E00578E1E /* IconInfoTouch.png in Resources */ = {isa = PBXBuildFile; fileRef = 5E4ECBCE1866250E00578E1E /* IconInfoTouch.png */; };
		5E4ECBD81866CD5900578E1E /* InfoViewController.m in Sources */ = {isa = PBXBuildFile; fileRef = 5E4ECBD71866CD5900578E1E /* InfoViewController.m */; };
		5E4ECBDD1867597900578E1E /* TriangleBtn.m in Sources */ = {isa = PBXBuildFile; fileRef = 5E4ECBDC1867597900578E1E /* TriangleBtn.m */; };
		5E4ECBE01868812E00578E1E /* MyInfoBtn.m in Sources */ = {isa = PBXBuildFile; fileRef = 5E4ECBDF1868812E00578E1E /* MyInfoBtn.m */; };
		5E5B420318744775006FDE6E /* Security.framework in Frameworks */ = {isa = PBXBuildFile; fileRef = 5E5B420218744775006FDE6E /* Security.framework */; };
		5E5DF025184327510098499A /* MyModeBtn.m in Sources */ = {isa = PBXBuildFile; fileRef = 5E5DF024184327510098499A /* MyModeBtn.m */; };
		5E5DF028184377EC0098499A /* MyCntLabel.m in Sources */ = {isa = PBXBuildFile; fileRef = 5E5DF027184377EC0098499A /* MyCntLabel.m */; };
		5E5DF03818438FB50098499A /* libGoogleAdMobAds.a in Frameworks */ = {isa = PBXBuildFile; fileRef = 5E5DF03618438FB50098499A /* libGoogleAdMobAds.a */; };
		5E5DF03918438FB50098499A /* AdMob_README.txt in Resources */ = {isa = PBXBuildFile; fileRef = 5E5DF03718438FB50098499A /* AdMob_README.txt */; };
		5E6F4B2B18117F7600312CCD /* Foundation.framework in Frameworks */ = {isa = PBXBuildFile; fileRef = 5E6F4B2A18117F7600312CCD /* Foundation.framework */; };
		5E6F4B2D18117F7600312CCD /* CoreGraphics.framework in Frameworks */ = {isa = PBXBuildFile; fileRef = 5E6F4B2C18117F7600312CCD /* CoreGraphics.framework */; };
		5E6F4B2F18117F7600312CCD /* UIKit.framework in Frameworks */ = {isa = PBXBuildFile; fileRef = 5E6F4B2E18117F7600312CCD /* UIKit.framework */; };
		5E6F4B3518117F7600312CCD /* InfoPlist.strings in Resources */ = {isa = PBXBuildFile; fileRef = 5E6F4B3318117F7600312CCD /* InfoPlist.strings */; };
		5E6F4B3718117F7600312CCD /* main.m in Sources */ = {isa = PBXBuildFile; fileRef = 5E6F4B3618117F7600312CCD /* main.m */; };
		5E6F4B3B18117F7600312CCD /* AppDelegate.m in Sources */ = {isa = PBXBuildFile; fileRef = 5E6F4B3A18117F7600312CCD /* AppDelegate.m */; };
		5E6F4B3E18117F7600312CCD /* Main_iPhone.storyboard in Resources */ = {isa = PBXBuildFile; fileRef = 5E6F4B3C18117F7600312CCD /* Main_iPhone.storyboard */; };
		5E6F4B4118117F7600312CCD /* Main_iPad.storyboard in Resources */ = {isa = PBXBuildFile; fileRef = 5E6F4B3F18117F7600312CCD /* Main_iPad.storyboard */; };
		5E6F4B4418117F7600312CCD /* ViewController.m in Sources */ = {isa = PBXBuildFile; fileRef = 5E6F4B4318117F7600312CCD /* ViewController.m */; };
		5E6F4B4618117F7600312CCD /* Images.xcassets in Resources */ = {isa = PBXBuildFile; fileRef = 5E6F4B4518117F7600312CCD /* Images.xcassets */; };
		5E6F4B4D18117F7600312CCD /* XCTest.framework in Frameworks */ = {isa = PBXBuildFile; fileRef = 5E6F4B4C18117F7600312CCD /* XCTest.framework */; };
		5E6F4B4E18117F7600312CCD /* Foundation.framework in Frameworks */ = {isa = PBXBuildFile; fileRef = 5E6F4B2A18117F7600312CCD /* Foundation.framework */; };
		5E6F4B4F18117F7700312CCD /* UIKit.framework in Frameworks */ = {isa = PBXBuildFile; fileRef = 5E6F4B2E18117F7600312CCD /* UIKit.framework */; };
		5E6F4B5718117F7700312CCD /* InfoPlist.strings in Resources */ = {isa = PBXBuildFile; fileRef = 5E6F4B5518117F7700312CCD /* InfoPlist.strings */; };
		5E6F4B5918117F7700312CCD /* DesignKichinTimerTests.m in Sources */ = {isa = PBXBuildFile; fileRef = 5E6F4B5818117F7700312CCD /* DesignKichinTimerTests.m */; };
		5E711E4618191B0000E7AA83 /* .gitattributes in Resources */ = {isa = PBXBuildFile; fileRef = 5E711E4518191B0000E7AA83 /* .gitattributes */; };
		5E8BC36D185DE38500C2802E /* BtnZoomOnFlag.m in Sources */ = {isa = PBXBuildFile; fileRef = 5E8BC36C185DE38500C2802E /* BtnZoomOnFlag.m */; };
		5E8BC371185DF84600C2802E /* IconBigTouch.png in Resources */ = {isa = PBXBuildFile; fileRef = 5E8BC36E185DF84600C2802E /* IconBigTouch.png */; };
		5E8BC372185DF84600C2802E /* IconBigOff.png in Resources */ = {isa = PBXBuildFile; fileRef = 5E8BC36F185DF84600C2802E /* IconBigOff.png */; };
		5E8BC373185DF84600C2802E /* IconBigOn.png in Resources */ = {isa = PBXBuildFile; fileRef = 5E8BC370185DF84600C2802E /* IconBigOn.png */; };
		5EA2C0A01811865E00B0FC3D /* .gitignore in Resources */ = {isa = PBXBuildFile; fileRef = 5EA2C09F1811865E00B0FC3D /* .gitignore */; };
		5EC2DCC6182C77B1003E1D5C /* AudioToolbox.framework in Frameworks */ = {isa = PBXBuildFile; fileRef = 5EC2DCC5182C77B1003E1D5C /* AudioToolbox.framework */; };
		5EC2DCCA182FCEB8003E1D5C /* AVFoundation.framework in Frameworks */ = {isa = PBXBuildFile; fileRef = 5EC2DCC9182FCEB8003E1D5C /* AVFoundation.framework */; };
		5EC2DCD21830A52A003E1D5C /* pi_old.mp3 in Resources */ = {isa = PBXBuildFile; fileRef = 5EC2DCD11830A52A003E1D5C /* pi_old.mp3 */; };
		5ECB0D271832038400103C18 /* piLong.mp3 in Resources */ = {isa = PBXBuildFile; fileRef = 5ECB0D261832038400103C18 /* piLong.mp3 */; };
		5ECB0D371832173700103C18 /* pi_mono.mp3 in Resources */ = {isa = PBXBuildFile; fileRef = 5ECB0D361832173700103C18 /* pi_mono.mp3 */; };
		5EDE0907185CBF8F00660FF9 /* ResetBtnScaleOnFlag.m in Sources */ = {isa = PBXBuildFile; fileRef = 5EDE0906185CBF8F00660FF9 /* ResetBtnScaleOnFlag.m */; };
		5EF21EC81839260C00C079F0 /* Icon76.png in Resources */ = {isa = PBXBuildFile; fileRef = 5EF21EC41839260C00C079F0 /* Icon76.png */; };
		5EF21EC91839260C00C079F0 /* Icon76@2x.png in Resources */ = {isa = PBXBuildFile; fileRef = 5EF21EC51839260C00C079F0 /* Icon76@2x.png */; };
		5EF21ECA1839260C00C079F0 /* Icon60.png in Resources */ = {isa = PBXBuildFile; fileRef = 5EF21EC61839260C00C079F0 /* Icon60.png */; };
		5EF21ECB1839260C00C079F0 /* Icon60@2x.png in Resources */ = {isa = PBXBuildFile; fileRef = 5EF21EC71839260C00C079F0 /* Icon60@2x.png */; };
/* End PBXBuildFile section */

/* Begin PBXContainerItemProxy section */
		5E6F4B5018117F7700312CCD /* PBXContainerItemProxy */ = {
			isa = PBXContainerItemProxy;
			containerPortal = 5E6F4B1F18117F7600312CCD /* Project object */;
			proxyType = 1;
			remoteGlobalIDString = 5E6F4B2618117F7600312CCD;
			remoteInfo = DesignKichinTimer;
		};
/* End PBXContainerItemProxy section */

/* Begin PBXFileReference section */
		5E1E11D61834F81500307C8F /* MessageUI.framework */ = {isa = PBXFileReference; lastKnownFileType = wrapper.framework; name = MessageUI.framework; path = System/Library/Frameworks/MessageUI.framework; sourceTree = SDKROOT; };
		5E1E11D81834F82600307C8F /* SystemConfiguration.framework */ = {isa = PBXFileReference; lastKnownFileType = wrapper.framework; name = SystemConfiguration.framework; path = System/Library/Frameworks/SystemConfiguration.framework; sourceTree = SDKROOT; };
		5E1E11DA18350D0500307C8F /* CoreLocation.framework */ = {isa = PBXFileReference; lastKnownFileType = wrapper.framework; name = CoreLocation.framework; path = System/Library/Frameworks/CoreLocation.framework; sourceTree = SDKROOT; };
		5E1E11DC18350D1500307C8F /* MediaPlayer.framework */ = {isa = PBXFileReference; lastKnownFileType = wrapper.framework; name = MediaPlayer.framework; path = System/Library/Frameworks/MediaPlayer.framework; sourceTree = SDKROOT; };
		5E1E11DE18350D3100307C8F /* StoreKit.framework */ = {isa = PBXFileReference; lastKnownFileType = wrapper.framework; name = StoreKit.framework; path = System/Library/Frameworks/StoreKit.framework; sourceTree = SDKROOT; };
		5E1E11EE18350F1100307C8F /* AdSupport.framework */ = {isa = PBXFileReference; lastKnownFileType = wrapper.framework; name = AdSupport.framework; path = System/Library/Frameworks/AdSupport.framework; sourceTree = SDKROOT; };
		5E1E11F01836A4AD00307C8F /* iAd.framework */ = {isa = PBXFileReference; lastKnownFileType = wrapper.framework; name = iAd.framework; path = System/Library/Frameworks/iAd.framework; sourceTree = SDKROOT; };
		5E220DCB18425F3900D2ACB0 /* SoundOnFlag.h */ = {isa = PBXFileReference; fileEncoding = 4; lastKnownFileType = sourcecode.c.h; name = SoundOnFlag.h; path = DesignKichinTimer/SoundOnFlag.h; sourceTree = "<group>"; };
		5E220DCC18425F3900D2ACB0 /* SoundOnFlag.m */ = {isa = PBXFileReference; fileEncoding = 4; lastKnownFileType = sourcecode.c.objc; name = SoundOnFlag.m; path = DesignKichinTimer/SoundOnFlag.m; sourceTree = "<group>"; };
		5E220DCE184261F100D2ACB0 /* MySetBtn.h */ = {isa = PBXFileReference; fileEncoding = 4; lastKnownFileType = sourcecode.c.h; name = MySetBtn.h; path = DesignKichinTimer/MySetBtn.h; sourceTree = "<group>"; };
		5E220DCF184261F100D2ACB0 /* MySetBtn.m */ = {isa = PBXFileReference; fileEncoding = 4; lastKnownFileType = sourcecode.c.objc; name = MySetBtn.m; path = DesignKichinTimer/MySetBtn.m; sourceTree = "<group>"; };
		5E235499186DA7250055217F /* IconInfo.png */ = {isa = PBXFileReference; lastKnownFileType = image.png; path = IconInfo.png; sourceTree = "<group>"; };
		5E24805F18558F9F0032AF77 /* VibrateOnFlag.h */ = {isa = PBXFileReference; fileEncoding = 4; lastKnownFileType = sourcecode.c.h; path = VibrateOnFlag.h; sourceTree = "<group>"; };
		5E24806018558F9F0032AF77 /* VibrateOnFlag.m */ = {isa = PBXFileReference; fileEncoding = 4; lastKnownFileType = sourcecode.c.objc; path = VibrateOnFlag.m; sourceTree = "<group>"; };
		5E2480651856ED3E0032AF77 /* IconVibOn.png */ = {isa = PBXFileReference; lastKnownFileType = image.png; path = IconVibOn.png; sourceTree = "<group>"; };
		5E2480661856ED3E0032AF77 /* IconVibOff.png */ = {isa = PBXFileReference; lastKnownFileType = image.png; path = IconVibOff.png; sourceTree = "<group>"; };
		5E24806C1856F5D80032AF77 /* IconVibTouch.png */ = {isa = PBXFileReference; lastKnownFileType = image.png; path = IconVibTouch.png; sourceTree = "<group>"; };
		5E2480711856FD4D0032AF77 /* IconSndOn.png */ = {isa = PBXFileReference; lastKnownFileType = image.png; path = IconSndOn.png; sourceTree = "<group>"; };
		5E2480731856FE6B0032AF77 /* IconSndOff.png */ = {isa = PBXFileReference; lastKnownFileType = image.png; path = IconSndOff.png; sourceTree = "<group>"; };
		5E2480741856FE6B0032AF77 /* IconSndTouch.png */ = {isa = PBXFileReference; lastKnownFileType = image.png; path = IconSndTouch.png; sourceTree = "<group>"; };
		5E2809DC18DADD1400A28373 /* Icon60_pro.png */ = {isa = PBXFileReference; lastKnownFileType = image.png; path = Icon60_pro.png; sourceTree = "<group>"; };
		5E2809DD18DADD1400A28373 /* Icon60@2x_pro.png */ = {isa = PBXFileReference; lastKnownFileType = image.png; path = "Icon60@2x_pro.png"; sourceTree = "<group>"; };
		5E2809DE18DADD1400A28373 /* Icon76_pro.png */ = {isa = PBXFileReference; lastKnownFileType = image.png; path = Icon76_pro.png; sourceTree = "<group>"; };
		5E2809DF18DADD1400A28373 /* Icon76@2x_pro.png */ = {isa = PBXFileReference; lastKnownFileType = image.png; path = "Icon76@2x_pro.png"; sourceTree = "<group>"; };
		5E2809E518DB05CC00A28373 /* Info_pro.plist */ = {isa = PBXFileReference; lastKnownFileType = text.plist.xml; path = Info_pro.plist; sourceTree = "<group>"; };
		5E30A82A18D722E7001D468A /* batten33.png */ = {isa = PBXFileReference; lastKnownFileType = image.png; path = batten33.png; sourceTree = "<group>"; };
		5E4017A118D89A3400CE074E /* libNendAd.a */ = {isa = PBXFileReference; lastKnownFileType = archive.ar; path = libNendAd.a; sourceTree = "<group>"; };
		5E4017A218D89A3400CE074E /* NADIconArrayView.h */ = {isa = PBXFileReference; fileEncoding = 4; lastKnownFileType = sourcecode.c.h; path = NADIconArrayView.h; sourceTree = "<group>"; };
		5E4017A318D89A3400CE074E /* NADIconLoader.h */ = {isa = PBXFileReference; fileEncoding = 4; lastKnownFileType = sourcecode.c.h; path = NADIconLoader.h; sourceTree = "<group>"; };
		5E4017A418D89A3400CE074E /* NADIconView.h */ = {isa = PBXFileReference; fileEncoding = 4; lastKnownFileType = sourcecode.c.h; path = NADIconView.h; sourceTree = "<group>"; };
		5E4017A518D89A3400CE074E /* NADView.h */ = {isa = PBXFileReference; fileEncoding = 4; lastKnownFileType = sourcecode.c.h; path = NADView.h; sourceTree = "<group>"; };
		5E4017A618D89A3400CE074E /* NADView_readme.txt */ = {isa = PBXFileReference; fileEncoding = 4; lastKnownFileType = text; path = NADView_readme.txt; sourceTree = "<group>"; };
		5E42589418192B2600171F1F /* ja */ = {isa = PBXFileReference; lastKnownFileType = text.plist.strings; name = ja; path = ja.lproj/InfoPlist.strings; sourceTree = "<group>"; };
		5E42589818192B7F00171F1F /* Base */ = {isa = PBXFileReference; lastKnownFileType = text.plist.strings; name = Base; path = Base.lproj/Localizable.strings; sourceTree = "<group>"; };
		5E42589A18192B8800171F1F /* ja */ = {isa = PBXFileReference; lastKnownFileType = text.plist.strings; name = ja; path = ja.lproj/Localizable.strings; sourceTree = "<group>"; };
		5E42589B181CF29300171F1F /* QuartzCore.framework */ = {isa = PBXFileReference; lastKnownFileType = wrapper.framework; name = QuartzCore.framework; path = System/Library/Frameworks/QuartzCore.framework; sourceTree = SDKROOT; };
		5E4ECBCE1866250E00578E1E /* IconInfoTouch.png */ = {isa = PBXFileReference; lastKnownFileType = image.png; path = IconInfoTouch.png; sourceTree = "<group>"; };
		5E4ECBD61866CD5900578E1E /* InfoViewController.h */ = {isa = PBXFileReference; fileEncoding = 4; lastKnownFileType = sourcecode.c.h; path = InfoViewController.h; sourceTree = "<group>"; };
		5E4ECBD71866CD5900578E1E /* InfoViewController.m */ = {isa = PBXFileReference; fileEncoding = 4; lastKnownFileType = sourcecode.c.objc; path = InfoViewController.m; sourceTree = "<group>"; };
		5E4ECBDB1867597900578E1E /* TriangleBtn.h */ = {isa = PBXFileReference; fileEncoding = 4; lastKnownFileType = sourcecode.c.h; path = TriangleBtn.h; sourceTree = "<group>"; };
		5E4ECBDC1867597900578E1E /* TriangleBtn.m */ = {isa = PBXFileReference; fileEncoding = 4; lastKnownFileType = sourcecode.c.objc; path = TriangleBtn.m; sourceTree = "<group>"; };
		5E4ECBDE1868812E00578E1E /* MyInfoBtn.h */ = {isa = PBXFileReference; fileEncoding = 4; lastKnownFileType = sourcecode.c.h; path = MyInfoBtn.h; sourceTree = "<group>"; };
		5E4ECBDF1868812E00578E1E /* MyInfoBtn.m */ = {isa = PBXFileReference; fileEncoding = 4; lastKnownFileType = sourcecode.c.objc; path = MyInfoBtn.m; sourceTree = "<group>"; };
		5E5B420218744775006FDE6E /* Security.framework */ = {isa = PBXFileReference; lastKnownFileType = wrapper.framework; name = Security.framework; path = System/Library/Frameworks/Security.framework; sourceTree = SDKROOT; };
		5E5DF023184327510098499A /* MyModeBtn.h */ = {isa = PBXFileReference; fileEncoding = 4; lastKnownFileType = sourcecode.c.h; path = MyModeBtn.h; sourceTree = "<group>"; };
		5E5DF024184327510098499A /* MyModeBtn.m */ = {isa = PBXFileReference; fileEncoding = 4; lastKnownFileType = sourcecode.c.objc; path = MyModeBtn.m; sourceTree = "<group>"; };
		5E5DF026184377EC0098499A /* MyCntLabel.h */ = {isa = PBXFileReference; fileEncoding = 4; lastKnownFileType = sourcecode.c.h; path = MyCntLabel.h; sourceTree = "<group>"; };
		5E5DF027184377EC0098499A /* MyCntLabel.m */ = {isa = PBXFileReference; fileEncoding = 4; lastKnownFileType = sourcecode.c.objc; path = MyCntLabel.m; sourceTree = "<group>"; };
		5E5DF02D18438FB50098499A /* GADAdMobExtras.h */ = {isa = PBXFileReference; fileEncoding = 4; lastKnownFileType = sourcecode.c.h; path = GADAdMobExtras.h; sourceTree = "<group>"; };
		5E5DF02E18438FB50098499A /* GADAdNetworkExtras.h */ = {isa = PBXFileReference; fileEncoding = 4; lastKnownFileType = sourcecode.c.h; path = GADAdNetworkExtras.h; sourceTree = "<group>"; };
		5E5DF02F18438FB50098499A /* GADAdSize.h */ = {isa = PBXFileReference; fileEncoding = 4; lastKnownFileType = sourcecode.c.h; path = GADAdSize.h; sourceTree = "<group>"; };
		5E5DF03018438FB50098499A /* GADBannerView.h */ = {isa = PBXFileReference; fileEncoding = 4; lastKnownFileType = sourcecode.c.h; path = GADBannerView.h; sourceTree = "<group>"; };
		5E5DF03118438FB50098499A /* GADBannerViewDelegate.h */ = {isa = PBXFileReference; fileEncoding = 4; lastKnownFileType = sourcecode.c.h; path = GADBannerViewDelegate.h; sourceTree = "<group>"; };
		5E5DF03218438FB50098499A /* GADInterstitial.h */ = {isa = PBXFileReference; fileEncoding = 4; lastKnownFileType = sourcecode.c.h; path = GADInterstitial.h; sourceTree = "<group>"; };
		5E5DF03318438FB50098499A /* GADInterstitialDelegate.h */ = {isa = PBXFileReference; fileEncoding = 4; lastKnownFileType = sourcecode.c.h; path = GADInterstitialDelegate.h; sourceTree = "<group>"; };
		5E5DF03418438FB50098499A /* GADRequest.h */ = {isa = PBXFileReference; fileEncoding = 4; lastKnownFileType = sourcecode.c.h; path = GADRequest.h; sourceTree = "<group>"; };
		5E5DF03518438FB50098499A /* GADRequestError.h */ = {isa = PBXFileReference; fileEncoding = 4; lastKnownFileType = sourcecode.c.h; path = GADRequestError.h; sourceTree = "<group>"; };
		5E5DF03618438FB50098499A /* libGoogleAdMobAds.a */ = {isa = PBXFileReference; lastKnownFileType = archive.ar; path = libGoogleAdMobAds.a; sourceTree = "<group>"; };
		5E5DF03718438FB50098499A /* AdMob_README.txt */ = {isa = PBXFileReference; fileEncoding = 4; lastKnownFileType = text; path = AdMob_README.txt; sourceTree = "<group>"; };
		5E6F4B2718117F7600312CCD /* DesignKichinTimer.app */ = {isa = PBXFileReference; explicitFileType = wrapper.application; includeInIndex = 0; path = DesignKichinTimer.app; sourceTree = BUILT_PRODUCTS_DIR; };
		5E6F4B2A18117F7600312CCD /* Foundation.framework */ = {isa = PBXFileReference; lastKnownFileType = wrapper.framework; name = Foundation.framework; path = System/Library/Frameworks/Foundation.framework; sourceTree = SDKROOT; };
		5E6F4B2C18117F7600312CCD /* CoreGraphics.framework */ = {isa = PBXFileReference; lastKnownFileType = wrapper.framework; name = CoreGraphics.framework; path = System/Library/Frameworks/CoreGraphics.framework; sourceTree = SDKROOT; };
		5E6F4B2E18117F7600312CCD /* UIKit.framework */ = {isa = PBXFileReference; lastKnownFileType = wrapper.framework; name = UIKit.framework; path = System/Library/Frameworks/UIKit.framework; sourceTree = SDKROOT; };
		5E6F4B3218117F7600312CCD /* Info.plist */ = {isa = PBXFileReference; lastKnownFileType = text.plist.xml; path = Info.plist; sourceTree = "<group>"; };
		5E6F4B3618117F7600312CCD /* main.m */ = {isa = PBXFileReference; lastKnownFileType = sourcecode.c.objc; path = main.m; sourceTree = "<group>"; };
		5E6F4B3818117F7600312CCD /* DesignKichinTimer-Prefix.pch */ = {isa = PBXFileReference; lastKnownFileType = sourcecode.c.h; path = "DesignKichinTimer-Prefix.pch"; sourceTree = "<group>"; };
		5E6F4B3918117F7600312CCD /* AppDelegate.h */ = {isa = PBXFileReference; lastKnownFileType = sourcecode.c.h; path = AppDelegate.h; sourceTree = "<group>"; };
		5E6F4B3A18117F7600312CCD /* AppDelegate.m */ = {isa = PBXFileReference; lastKnownFileType = sourcecode.c.objc; path = AppDelegate.m; sourceTree = "<group>"; };
		5E6F4B3D18117F7600312CCD /* Base */ = {isa = PBXFileReference; lastKnownFileType = file.storyboard; name = Base; path = Base.lproj/Main_iPhone.storyboard; sourceTree = "<group>"; };
		5E6F4B4018117F7600312CCD /* Base */ = {isa = PBXFileReference; lastKnownFileType = file.storyboard; name = Base; path = Base.lproj/Main_iPad.storyboard; sourceTree = "<group>"; };
		5E6F4B4218117F7600312CCD /* ViewController.h */ = {isa = PBXFileReference; lastKnownFileType = sourcecode.c.h; path = ViewController.h; sourceTree = "<group>"; };
		5E6F4B4318117F7600312CCD /* ViewController.m */ = {isa = PBXFileReference; lastKnownFileType = sourcecode.c.objc; path = ViewController.m; sourceTree = "<group>"; };
		5E6F4B4518117F7600312CCD /* Images.xcassets */ = {isa = PBXFileReference; lastKnownFileType = folder.assetcatalog; name = Images.xcassets; path = DesignKichinTimer/Images.xcassets; sourceTree = "<group>"; };
		5E6F4B4B18117F7600312CCD /* DesignKichinTimerTests.xctest */ = {isa = PBXFileReference; explicitFileType = wrapper.cfbundle; includeInIndex = 0; path = DesignKichinTimerTests.xctest; sourceTree = BUILT_PRODUCTS_DIR; };
		5E6F4B4C18117F7600312CCD /* XCTest.framework */ = {isa = PBXFileReference; lastKnownFileType = wrapper.framework; name = XCTest.framework; path = Library/Frameworks/XCTest.framework; sourceTree = DEVELOPER_DIR; };
		5E6F4B5418117F7700312CCD /* DesignKichinTimerTests-Info.plist */ = {isa = PBXFileReference; lastKnownFileType = text.plist.xml; path = "DesignKichinTimerTests-Info.plist"; sourceTree = "<group>"; };
		5E6F4B5618117F7700312CCD /* en */ = {isa = PBXFileReference; lastKnownFileType = text.plist.strings; name = en; path = en.lproj/InfoPlist.strings; sourceTree = "<group>"; };
		5E6F4B5818117F7700312CCD /* DesignKichinTimerTests.m */ = {isa = PBXFileReference; lastKnownFileType = sourcecode.c.objc; path = DesignKichinTimerTests.m; sourceTree = "<group>"; };
		5E711E4518191B0000E7AA83 /* .gitattributes */ = {isa = PBXFileReference; fileEncoding = 4; lastKnownFileType = text; path = .gitattributes; sourceTree = "<group>"; };
		5E8BC36B185DE38500C2802E /* BtnZoomOnFlag.h */ = {isa = PBXFileReference; fileEncoding = 4; lastKnownFileType = sourcecode.c.h; path = BtnZoomOnFlag.h; sourceTree = "<group>"; };
		5E8BC36C185DE38500C2802E /* BtnZoomOnFlag.m */ = {isa = PBXFileReference; fileEncoding = 4; lastKnownFileType = sourcecode.c.objc; path = BtnZoomOnFlag.m; sourceTree = "<group>"; };
		5E8BC36E185DF84600C2802E /* IconBigTouch.png */ = {isa = PBXFileReference; lastKnownFileType = image.png; path = IconBigTouch.png; sourceTree = "<group>"; };
		5E8BC36F185DF84600C2802E /* IconBigOff.png */ = {isa = PBXFileReference; lastKnownFileType = image.png; path = IconBigOff.png; sourceTree = "<group>"; };
		5E8BC370185DF84600C2802E /* IconBigOn.png */ = {isa = PBXFileReference; lastKnownFileType = image.png; path = IconBigOn.png; sourceTree = "<group>"; };
		5EA0041F186B0E3000D1A625 /* Base */ = {isa = PBXFileReference; lastKnownFileType = text.plist.strings; name = Base; path = Base.lproj/InfoPlist.strings; sourceTree = "<group>"; };
		5EA2C09F1811865E00B0FC3D /* .gitignore */ = {isa = PBXFileReference; fileEncoding = 4; lastKnownFileType = text; name = .gitignore; path = DesignKichinTimer/.gitignore; sourceTree = "<group>"; };
		5EC2DCC5182C77B1003E1D5C /* AudioToolbox.framework */ = {isa = PBXFileReference; lastKnownFileType = wrapper.framework; name = AudioToolbox.framework; path = System/Library/Frameworks/AudioToolbox.framework; sourceTree = SDKROOT; };
		5EC2DCC9182FCEB8003E1D5C /* AVFoundation.framework */ = {isa = PBXFileReference; lastKnownFileType = wrapper.framework; name = AVFoundation.framework; path = System/Library/Frameworks/AVFoundation.framework; sourceTree = SDKROOT; };
		5EC2DCD11830A52A003E1D5C /* pi_old.mp3 */ = {isa = PBXFileReference; lastKnownFileType = audio.mp3; path = pi_old.mp3; sourceTree = "<group>"; };
		5ECB0D261832038400103C18 /* piLong.mp3 */ = {isa = PBXFileReference; lastKnownFileType = audio.mp3; path = piLong.mp3; sourceTree = "<group>"; };
		5ECB0D361832173700103C18 /* pi_mono.mp3 */ = {isa = PBXFileReference; lastKnownFileType = audio.mp3; path = pi_mono.mp3; sourceTree = "<group>"; };
		5EDE0905185CBF8F00660FF9 /* ResetBtnScaleOnFlag.h */ = {isa = PBXFileReference; fileEncoding = 4; lastKnownFileType = sourcecode.c.h; path = ResetBtnScaleOnFlag.h; sourceTree = "<group>"; };
		5EDE0906185CBF8F00660FF9 /* ResetBtnScaleOnFlag.m */ = {isa = PBXFileReference; fileEncoding = 4; lastKnownFileType = sourcecode.c.objc; path = ResetBtnScaleOnFlag.m; sourceTree = "<group>"; };
		5EF21EC41839260C00C079F0 /* Icon76.png */ = {isa = PBXFileReference; lastKnownFileType = image.png; path = Icon76.png; sourceTree = "<group>"; };
		5EF21EC51839260C00C079F0 /* Icon76@2x.png */ = {isa = PBXFileReference; lastKnownFileType = image.png; path = "Icon76@2x.png"; sourceTree = "<group>"; };
		5EF21EC61839260C00C079F0 /* Icon60.png */ = {isa = PBXFileReference; lastKnownFileType = image.png; path = Icon60.png; sourceTree = "<group>"; };
		5EF21EC71839260C00C079F0 /* Icon60@2x.png */ = {isa = PBXFileReference; lastKnownFileType = image.png; path = "Icon60@2x.png"; sourceTree = "<group>"; };
		5EF44FBE186B3DC800E7494A /* en */ = {isa = PBXFileReference; lastKnownFileType = text.plist.strings; name = en; path = en.lproj/InfoPlist.strings; sourceTree = "<group>"; };
		5EF44FC0186B41E400E7494A /* en */ = {isa = PBXFileReference; lastKnownFileType = text.plist.strings; name = en; path = en.lproj/Localizable.strings; sourceTree = "<group>"; };
		5EFF66A81870002D00F7D31E /* fr */ = {isa = PBXFileReference; lastKnownFileType = text.plist.strings; name = fr; path = fr.lproj/InfoPlist.strings; sourceTree = "<group>"; };
		5EFF66A91870002D00F7D31E /* fr */ = {isa = PBXFileReference; lastKnownFileType = text.plist.strings; name = fr; path = fr.lproj/Localizable.strings; sourceTree = "<group>"; };
		5EFF66AA1870004900F7D31E /* de */ = {isa = PBXFileReference; lastKnownFileType = text.plist.strings; name = de; path = de.lproj/InfoPlist.strings; sourceTree = "<group>"; };
		5EFF66AB1870004900F7D31E /* de */ = {isa = PBXFileReference; lastKnownFileType = text.plist.strings; name = de; path = de.lproj/Localizable.strings; sourceTree = "<group>"; };
		5EFF66AC1870007300F7D31E /* es */ = {isa = PBXFileReference; lastKnownFileType = text.plist.strings; name = es; path = es.lproj/InfoPlist.strings; sourceTree = "<group>"; };
		5EFF66AD1870007300F7D31E /* es */ = {isa = PBXFileReference; lastKnownFileType = text.plist.strings; name = es; path = es.lproj/Localizable.strings; sourceTree = "<group>"; };
		5EFF66AE1870007F00F7D31E /* it */ = {isa = PBXFileReference; lastKnownFileType = text.plist.strings; name = it; path = it.lproj/InfoPlist.strings; sourceTree = "<group>"; };
		5EFF66AF1870007F00F7D31E /* it */ = {isa = PBXFileReference; lastKnownFileType = text.plist.strings; name = it; path = it.lproj/Localizable.strings; sourceTree = "<group>"; };
		5EFF66B01870008800F7D31E /* pt */ = {isa = PBXFileReference; lastKnownFileType = text.plist.strings; name = pt; path = pt.lproj/InfoPlist.strings; sourceTree = "<group>"; };
		5EFF66B11870008900F7D31E /* pt */ = {isa = PBXFileReference; lastKnownFileType = text.plist.strings; name = pt; path = pt.lproj/Localizable.strings; sourceTree = "<group>"; };
		5EFF66B41870009C00F7D31E /* nl */ = {isa = PBXFileReference; lastKnownFileType = text.plist.strings; name = nl; path = nl.lproj/InfoPlist.strings; sourceTree = "<group>"; };
		5EFF66B51870009C00F7D31E /* nl */ = {isa = PBXFileReference; lastKnownFileType = text.plist.strings; name = nl; path = nl.lproj/Localizable.strings; sourceTree = "<group>"; };
		5EFF66B6187000A500F7D31E /* sv */ = {isa = PBXFileReference; lastKnownFileType = text.plist.strings; name = sv; path = sv.lproj/InfoPlist.strings; sourceTree = "<group>"; };
		5EFF66B7187000A500F7D31E /* sv */ = {isa = PBXFileReference; lastKnownFileType = text.plist.strings; name = sv; path = sv.lproj/Localizable.strings; sourceTree = "<group>"; };
		5EFF66B8187000AF00F7D31E /* nb */ = {isa = PBXFileReference; lastKnownFileType = text.plist.strings; name = nb; path = nb.lproj/InfoPlist.strings; sourceTree = "<group>"; };
		5EFF66B9187000AF00F7D31E /* nb */ = {isa = PBXFileReference; lastKnownFileType = text.plist.strings; name = nb; path = nb.lproj/Localizable.strings; sourceTree = "<group>"; };
		5EFF66BA187000B700F7D31E /* da */ = {isa = PBXFileReference; lastKnownFileType = text.plist.strings; name = da; path = da.lproj/InfoPlist.strings; sourceTree = "<group>"; };
		5EFF66BB187000B700F7D31E /* da */ = {isa = PBXFileReference; lastKnownFileType = text.plist.strings; name = da; path = da.lproj/Localizable.strings; sourceTree = "<group>"; };
		5EFF66BC187000C000F7D31E /* fi */ = {isa = PBXFileReference; lastKnownFileType = text.plist.strings; name = fi; path = fi.lproj/InfoPlist.strings; sourceTree = "<group>"; };
		5EFF66BD187000C000F7D31E /* fi */ = {isa = PBXFileReference; lastKnownFileType = text.plist.strings; name = fi; path = fi.lproj/Localizable.strings; sourceTree = "<group>"; };
		5EFF66BE187000C900F7D31E /* ru */ = {isa = PBXFileReference; lastKnownFileType = text.plist.strings; name = ru; path = ru.lproj/InfoPlist.strings; sourceTree = "<group>"; };
		5EFF66BF187000C900F7D31E /* ru */ = {isa = PBXFileReference; lastKnownFileType = text.plist.strings; name = ru; path = ru.lproj/Localizable.strings; sourceTree = "<group>"; };
		5EFF66C0187000D500F7D31E /* pl */ = {isa = PBXFileReference; lastKnownFileType = text.plist.strings; name = pl; path = pl.lproj/InfoPlist.strings; sourceTree = "<group>"; };
		5EFF66C1187000D500F7D31E /* pl */ = {isa = PBXFileReference; lastKnownFileType = text.plist.strings; name = pl; path = pl.lproj/Localizable.strings; sourceTree = "<group>"; };
		5EFF66C2187000E100F7D31E /* zh-Hans */ = {isa = PBXFileReference; lastKnownFileType = text.plist.strings; name = "zh-Hans"; path = "zh-Hans.lproj/InfoPlist.strings"; sourceTree = "<group>"; };
		5EFF66C3187000E100F7D31E /* zh-Hans */ = {isa = PBXFileReference; lastKnownFileType = text.plist.strings; name = "zh-Hans"; path = "zh-Hans.lproj/Localizable.strings"; sourceTree = "<group>"; };
		5EFF66C4187000EA00F7D31E /* zh-Hant */ = {isa = PBXFileReference; lastKnownFileType = text.plist.strings; name = "zh-Hant"; path = "zh-Hant.lproj/InfoPlist.strings"; sourceTree = "<group>"; };
		5EFF66C5187000EA00F7D31E /* zh-Hant */ = {isa = PBXFileReference; lastKnownFileType = text.plist.strings; name = "zh-Hant"; path = "zh-Hant.lproj/Localizable.strings"; sourceTree = "<group>"; };
		5EFF66C6187000F400F7D31E /* ko */ = {isa = PBXFileReference; lastKnownFileType = text.plist.strings; name = ko; path = ko.lproj/InfoPlist.strings; sourceTree = "<group>"; };
		5EFF66C7187000F400F7D31E /* ko */ = {isa = PBXFileReference; lastKnownFileType = text.plist.strings; name = ko; path = ko.lproj/Localizable.strings; sourceTree = "<group>"; };
		5EFF66C8187000FE00F7D31E /* ar */ = {isa = PBXFileReference; lastKnownFileType = text.plist.strings; name = ar; path = ar.lproj/InfoPlist.strings; sourceTree = "<group>"; };
		5EFF66C9187000FE00F7D31E /* ar */ = {isa = PBXFileReference; lastKnownFileType = text.plist.strings; name = ar; path = ar.lproj/Localizable.strings; sourceTree = "<group>"; };
		5EFF66CA1870010700F7D31E /* cs */ = {isa = PBXFileReference; lastKnownFileType = text.plist.strings; name = cs; path = cs.lproj/InfoPlist.strings; sourceTree = "<group>"; };
		5EFF66CB1870010700F7D31E /* cs */ = {isa = PBXFileReference; lastKnownFileType = text.plist.strings; name = cs; path = cs.lproj/Localizable.strings; sourceTree = "<group>"; };
		5EFF66CC1870011100F7D31E /* hu */ = {isa = PBXFileReference; lastKnownFileType = text.plist.strings; name = hu; path = hu.lproj/InfoPlist.strings; sourceTree = "<group>"; };
		5EFF66CD1870011100F7D31E /* hu */ = {isa = PBXFileReference; lastKnownFileType = text.plist.strings; name = hu; path = hu.lproj/Localizable.strings; sourceTree = "<group>"; };
		5EFF66CE1870011900F7D31E /* tr */ = {isa = PBXFileReference; lastKnownFileType = text.plist.strings; name = tr; path = tr.lproj/InfoPlist.strings; sourceTree = "<group>"; };
		5EFF66CF1870011900F7D31E /* tr */ = {isa = PBXFileReference; lastKnownFileType = text.plist.strings; name = tr; path = tr.lproj/Localizable.strings; sourceTree = "<group>"; };
		5EFF66D01870012100F7D31E /* th */ = {isa = PBXFileReference; lastKnownFileType = text.plist.strings; name = th; path = th.lproj/InfoPlist.strings; sourceTree = "<group>"; };
		5EFF66D11870012100F7D31E /* th */ = {isa = PBXFileReference; lastKnownFileType = text.plist.strings; name = th; path = th.lproj/Localizable.strings; sourceTree = "<group>"; };
		5EFF66D21870012B00F7D31E /* hr */ = {isa = PBXFileReference; lastKnownFileType = text.plist.strings; name = hr; path = hr.lproj/InfoPlist.strings; sourceTree = "<group>"; };
		5EFF66D31870012B00F7D31E /* hr */ = {isa = PBXFileReference; lastKnownFileType = text.plist.strings; name = hr; path = hr.lproj/Localizable.strings; sourceTree = "<group>"; };
		5EFF66D41870013400F7D31E /* ca */ = {isa = PBXFileReference; lastKnownFileType = text.plist.strings; name = ca; path = ca.lproj/InfoPlist.strings; sourceTree = "<group>"; };
		5EFF66D51870013400F7D31E /* ca */ = {isa = PBXFileReference; lastKnownFileType = text.plist.strings; name = ca; path = ca.lproj/Localizable.strings; sourceTree = "<group>"; };
		5EFF66D61870013D00F7D31E /* el */ = {isa = PBXFileReference; lastKnownFileType = text.plist.strings; name = el; path = el.lproj/InfoPlist.strings; sourceTree = "<group>"; };
		5EFF66D71870013D00F7D31E /* el */ = {isa = PBXFileReference; lastKnownFileType = text.plist.strings; name = el; path = el.lproj/Localizable.strings; sourceTree = "<group>"; };
		5EFF66D81870014B00F7D31E /* he */ = {isa = PBXFileReference; lastKnownFileType = text.plist.strings; name = he; path = he.lproj/InfoPlist.strings; sourceTree = "<group>"; };
		5EFF66D91870014B00F7D31E /* he */ = {isa = PBXFileReference; lastKnownFileType = text.plist.strings; name = he; path = he.lproj/Localizable.strings; sourceTree = "<group>"; };
		5EFF66DA1870015300F7D31E /* ro */ = {isa = PBXFileReference; lastKnownFileType = text.plist.strings; name = ro; path = ro.lproj/InfoPlist.strings; sourceTree = "<group>"; };
		5EFF66DB1870015300F7D31E /* ro */ = {isa = PBXFileReference; lastKnownFileType = text.plist.strings; name = ro; path = ro.lproj/Localizable.strings; sourceTree = "<group>"; };
		5EFF66DC1870015B00F7D31E /* sk */ = {isa = PBXFileReference; lastKnownFileType = text.plist.strings; name = sk; path = sk.lproj/InfoPlist.strings; sourceTree = "<group>"; };
		5EFF66DD1870015B00F7D31E /* sk */ = {isa = PBXFileReference; lastKnownFileType = text.plist.strings; name = sk; path = sk.lproj/Localizable.strings; sourceTree = "<group>"; };
		5EFF66DE1870016400F7D31E /* uk */ = {isa = PBXFileReference; lastKnownFileType = text.plist.strings; name = uk; path = uk.lproj/InfoPlist.strings; sourceTree = "<group>"; };
		5EFF66DF1870016400F7D31E /* uk */ = {isa = PBXFileReference; lastKnownFileType = text.plist.strings; name = uk; path = uk.lproj/Localizable.strings; sourceTree = "<group>"; };
/* End PBXFileReference section */

/* Begin PBXFrameworksBuildPhase section */
		5E6F4B2418117F7600312CCD /* Frameworks */ = {
			isa = PBXFrameworksBuildPhase;
			buildActionMask = 2147483647;
			files = (
				5E5B420318744775006FDE6E /* Security.framework in Frameworks */,
				5E1E11DD18350D1500307C8F /* MediaPlayer.framework in Frameworks */,
				5E1E11F11836A4AD00307C8F /* iAd.framework in Frameworks */,
				5E1E11EF18350F1100307C8F /* AdSupport.framework in Frameworks */,
				5E1E11DF18350D3100307C8F /* StoreKit.framework in Frameworks */,
				5E1E11DB18350D0500307C8F /* CoreLocation.framework in Frameworks */,
				5E1E11D91834F82600307C8F /* SystemConfiguration.framework in Frameworks */,
				5E1E11D71834F81500307C8F /* MessageUI.framework in Frameworks */,
				5EC2DCCA182FCEB8003E1D5C /* AVFoundation.framework in Frameworks */,
				5EC2DCC6182C77B1003E1D5C /* AudioToolbox.framework in Frameworks */,
				5E42589C181CF29300171F1F /* QuartzCore.framework in Frameworks */,
				5E4017A718D89A3400CE074E /* libNendAd.a in Frameworks */,
				5E6F4B2D18117F7600312CCD /* CoreGraphics.framework in Frameworks */,
				5E5DF03818438FB50098499A /* libGoogleAdMobAds.a in Frameworks */,
				5E6F4B2F18117F7600312CCD /* UIKit.framework in Frameworks */,
				5E6F4B2B18117F7600312CCD /* Foundation.framework in Frameworks */,
			);
			runOnlyForDeploymentPostprocessing = 0;
		};
		5E6F4B4818117F7600312CCD /* Frameworks */ = {
			isa = PBXFrameworksBuildPhase;
			buildActionMask = 2147483647;
			files = (
				5E6F4B4D18117F7600312CCD /* XCTest.framework in Frameworks */,
				5E6F4B4F18117F7700312CCD /* UIKit.framework in Frameworks */,
				5E6F4B4E18117F7600312CCD /* Foundation.framework in Frameworks */,
			);
			runOnlyForDeploymentPostprocessing = 0;
		};
/* End PBXFrameworksBuildPhase section */

/* Begin PBXGroup section */
		5E220DD11842624A00D2ACB0 /* Custom */ = {
			isa = PBXGroup;
			children = (
				5E40179E18D892A300CE074E /* ButtonAndLabel */,
				5E220DCB18425F3900D2ACB0 /* SoundOnFlag.h */,
				5E220DCC18425F3900D2ACB0 /* SoundOnFlag.m */,
				5E24805F18558F9F0032AF77 /* VibrateOnFlag.h */,
				5E24806018558F9F0032AF77 /* VibrateOnFlag.m */,
				5E8BC36B185DE38500C2802E /* BtnZoomOnFlag.h */,
				5E8BC36C185DE38500C2802E /* BtnZoomOnFlag.m */,
				5EDE0905185CBF8F00660FF9 /* ResetBtnScaleOnFlag.h */,
				5EDE0906185CBF8F00660FF9 /* ResetBtnScaleOnFlag.m */,
			);
			name = Custom;
			sourceTree = "<group>";
		};
		5E220DD21842630700D2ACB0 /* IconPng */ = {
			isa = PBXGroup;
			children = (
				5E2809DC18DADD1400A28373 /* Icon60_pro.png */,
				5E2809DD18DADD1400A28373 /* Icon60@2x_pro.png */,
				5E2809DE18DADD1400A28373 /* Icon76_pro.png */,
				5E2809DF18DADD1400A28373 /* Icon76@2x_pro.png */,
				5EF21EC41839260C00C079F0 /* Icon76.png */,
				5EF21EC51839260C00C079F0 /* Icon76@2x.png */,
				5EF21EC61839260C00C079F0 /* Icon60.png */,
				5EF21EC71839260C00C079F0 /* Icon60@2x.png */,
			);
			name = IconPng;
			path = ..;
			sourceTree = "<group>";
		};
		5E220DD31842637900D2ACB0 /* NoUse */ = {
			isa = PBXGroup;
			children = (
				5E6F4B3C18117F7600312CCD /* Main_iPhone.storyboard */,
				5E6F4B3F18117F7600312CCD /* Main_iPad.storyboard */,
				5E6F4B4518117F7600312CCD /* Images.xcassets */,
			);
			name = NoUse;
			sourceTree = "<group>";
		};
		5E30A82918D71579001D468A /* ImageAndSound */ = {
			isa = PBXGroup;
			children = (
				5E30A82A18D722E7001D468A /* batten33.png */,
				5E235499186DA7250055217F /* IconInfo.png */,
				5E4ECBCE1866250E00578E1E /* IconInfoTouch.png */,
				5E8BC36E185DF84600C2802E /* IconBigTouch.png */,
				5E8BC36F185DF84600C2802E /* IconBigOff.png */,
				5E8BC370185DF84600C2802E /* IconBigOn.png */,
				5E2480731856FE6B0032AF77 /* IconSndOff.png */,
				5E2480741856FE6B0032AF77 /* IconSndTouch.png */,
				5E2480711856FD4D0032AF77 /* IconSndOn.png */,
				5E24806C1856F5D80032AF77 /* IconVibTouch.png */,
				5E2480651856ED3E0032AF77 /* IconVibOn.png */,
				5E2480661856ED3E0032AF77 /* IconVibOff.png */,
				5ECB0D361832173700103C18 /* pi_mono.mp3 */,
				5ECB0D261832038400103C18 /* piLong.mp3 */,
				5EC2DCD11830A52A003E1D5C /* pi_old.mp3 */,
			);
			name = ImageAndSound;
			sourceTree = "<group>";
		};
		5E40179E18D892A300CE074E /* ButtonAndLabel */ = {
			isa = PBXGroup;
			children = (
				5E220DCE184261F100D2ACB0 /* MySetBtn.h */,
				5E220DCF184261F100D2ACB0 /* MySetBtn.m */,
				5E5DF023184327510098499A /* MyModeBtn.h */,
				5E5DF024184327510098499A /* MyModeBtn.m */,
				5E5DF026184377EC0098499A /* MyCntLabel.h */,
				5E5DF027184377EC0098499A /* MyCntLabel.m */,
				5E4ECBDB1867597900578E1E /* TriangleBtn.h */,
				5E4ECBDC1867597900578E1E /* TriangleBtn.m */,
				5E4ECBDE1868812E00578E1E /* MyInfoBtn.h */,
				5E4ECBDF1868812E00578E1E /* MyInfoBtn.m */,
			);
			name = ButtonAndLabel;
			sourceTree = "<group>";
		};
		5E40179F18D899FB00CE074E /* Lib */ = {
			isa = PBXGroup;
			children = (
				5E4017A018D89A3400CE074E /* NendAd */,
				5E5DF02C18438F7C0098499A /* GoogleADMobSDK */,
			);
			name = Lib;
			sourceTree = "<group>";
		};
		5E4017A018D89A3400CE074E /* NendAd */ = {
			isa = PBXGroup;
			children = (
				5E4017A118D89A3400CE074E /* libNendAd.a */,
				5E4017A218D89A3400CE074E /* NADIconArrayView.h */,
				5E4017A318D89A3400CE074E /* NADIconLoader.h */,
				5E4017A418D89A3400CE074E /* NADIconView.h */,
				5E4017A518D89A3400CE074E /* NADView.h */,
				5E4017A618D89A3400CE074E /* NADView_readme.txt */,
			);
			path = NendAd;
			sourceTree = "<group>";
		};
		5E5DF02C18438F7C0098499A /* GoogleADMobSDK */ = {
			isa = PBXGroup;
			children = (
				5E5DF02D18438FB50098499A /* GADAdMobExtras.h */,
				5E5DF02E18438FB50098499A /* GADAdNetworkExtras.h */,
				5E5DF02F18438FB50098499A /* GADAdSize.h */,
				5E5DF03018438FB50098499A /* GADBannerView.h */,
				5E5DF03118438FB50098499A /* GADBannerViewDelegate.h */,
				5E5DF03218438FB50098499A /* GADInterstitial.h */,
				5E5DF03318438FB50098499A /* GADInterstitialDelegate.h */,
				5E5DF03418438FB50098499A /* GADRequest.h */,
				5E5DF03518438FB50098499A /* GADRequestError.h */,
				5E5DF03618438FB50098499A /* libGoogleAdMobAds.a */,
				5E5DF03718438FB50098499A /* AdMob_README.txt */,
			);
			name = GoogleADMobSDK;
			sourceTree = "<group>";
		};
		5E6F4B1E18117F7600312CCD = {
			isa = PBXGroup;
			children = (
				5E711E4518191B0000E7AA83 /* .gitattributes */,
				5EA2C09F1811865E00B0FC3D /* .gitignore */,
				5E40179F18D899FB00CE074E /* Lib */,
				5E220DD31842637900D2ACB0 /* NoUse */,
				5E220DD11842624A00D2ACB0 /* Custom */,
				5E6F4B3018117F7600312CCD /* DesignKichinTimer */,
				5E6F4B5218117F7700312CCD /* DesignKichinTimerTests */,
				5E6F4B2918117F7600312CCD /* Frameworks */,
				5E6F4B2818117F7600312CCD /* Products */,
			);
			sourceTree = "<group>";
		};
		5E6F4B2818117F7600312CCD /* Products */ = {
			isa = PBXGroup;
			children = (
				5E6F4B2718117F7600312CCD /* DesignKichinTimer.app */,
				5E6F4B4B18117F7600312CCD /* DesignKichinTimerTests.xctest */,
			);
			name = Products;
			sourceTree = "<group>";
		};
		5E6F4B2918117F7600312CCD /* Frameworks */ = {
			isa = PBXGroup;
			children = (
				5E5B420218744775006FDE6E /* Security.framework */,
				5E1E11F01836A4AD00307C8F /* iAd.framework */,
				5E1E11EE18350F1100307C8F /* AdSupport.framework */,
				5E1E11DE18350D3100307C8F /* StoreKit.framework */,
				5E1E11DC18350D1500307C8F /* MediaPlayer.framework */,
				5E1E11DA18350D0500307C8F /* CoreLocation.framework */,
				5E1E11D81834F82600307C8F /* SystemConfiguration.framework */,
				5E1E11D61834F81500307C8F /* MessageUI.framework */,
				5EC2DCC9182FCEB8003E1D5C /* AVFoundation.framework */,
				5EC2DCC5182C77B1003E1D5C /* AudioToolbox.framework */,
				5E42589B181CF29300171F1F /* QuartzCore.framework */,
				5E6F4B2A18117F7600312CCD /* Foundation.framework */,
				5E6F4B2C18117F7600312CCD /* CoreGraphics.framework */,
				5E6F4B2E18117F7600312CCD /* UIKit.framework */,
				5E6F4B4C18117F7600312CCD /* XCTest.framework */,
			);
			name = Frameworks;
			sourceTree = "<group>";
		};
		5E6F4B3018117F7600312CCD /* DesignKichinTimer */ = {
			isa = PBXGroup;
			children = (
				5E6F4B3918117F7600312CCD /* AppDelegate.h */,
				5E6F4B3A18117F7600312CCD /* AppDelegate.m */,
				5E6F4B4218117F7600312CCD /* ViewController.h */,
				5E6F4B4318117F7600312CCD /* ViewController.m */,
				5E4ECBD61866CD5900578E1E /* InfoViewController.h */,
				5E4ECBD71866CD5900578E1E /* InfoViewController.m */,
				5E6F4B3118117F7600312CCD /* Supporting Files */,
			);
			path = DesignKichinTimer;
			sourceTree = "<group>";
		};
		5E6F4B3118117F7600312CCD /* Supporting Files */ = {
			isa = PBXGroup;
			children = (
				5E220DD21842630700D2ACB0 /* IconPng */,
				5E30A82918D71579001D468A /* ImageAndSound */,
				5E6F4B3218117F7600312CCD /* Info.plist */,
				5E2809E518DB05CC00A28373 /* Info_pro.plist */,
				5E6F4B3318117F7600312CCD /* InfoPlist.strings */,
				5E6F4B3618117F7600312CCD /* main.m */,
				5E6F4B3818117F7600312CCD /* DesignKichinTimer-Prefix.pch */,
				5E42589918192B7F00171F1F /* Localizable.strings */,
			);
			name = "Supporting Files";
			sourceTree = "<group>";
		};
		5E6F4B5218117F7700312CCD /* DesignKichinTimerTests */ = {
			isa = PBXGroup;
			children = (
				5E6F4B5818117F7700312CCD /* DesignKichinTimerTests.m */,
				5E6F4B5318117F7700312CCD /* Supporting Files */,
			);
			path = DesignKichinTimerTests;
			sourceTree = "<group>";
		};
		5E6F4B5318117F7700312CCD /* Supporting Files */ = {
			isa = PBXGroup;
			children = (
				5E6F4B5418117F7700312CCD /* DesignKichinTimerTests-Info.plist */,
				5E6F4B5518117F7700312CCD /* InfoPlist.strings */,
			);
			name = "Supporting Files";
			sourceTree = "<group>";
		};
/* End PBXGroup section */

/* Begin PBXNativeTarget section */
		5E6F4B2618117F7600312CCD /* DesignKichinTimer */ = {
			isa = PBXNativeTarget;
			buildConfigurationList = 5E6F4B5C18117F7700312CCD /* Build configuration list for PBXNativeTarget "DesignKichinTimer" */;
			buildPhases = (
				5E6F4B2318117F7600312CCD /* Sources */,
				5E6F4B2418117F7600312CCD /* Frameworks */,
				5E6F4B2518117F7600312CCD /* Resources */,
			);
			buildRules = (
			);
			dependencies = (
			);
			name = DesignKichinTimer;
			productName = DesignKichinTimer;
			productReference = 5E6F4B2718117F7600312CCD /* DesignKichinTimer.app */;
			productType = "com.apple.product-type.application";
		};
		5E6F4B4A18117F7600312CCD /* DesignKichinTimerTests */ = {
			isa = PBXNativeTarget;
			buildConfigurationList = 5E6F4B5F18117F7700312CCD /* Build configuration list for PBXNativeTarget "DesignKichinTimerTests" */;
			buildPhases = (
				5E6F4B4718117F7600312CCD /* Sources */,
				5E6F4B4818117F7600312CCD /* Frameworks */,
				5E6F4B4918117F7600312CCD /* Resources */,
			);
			buildRules = (
			);
			dependencies = (
				5E6F4B5118117F7700312CCD /* PBXTargetDependency */,
			);
			name = DesignKichinTimerTests;
			productName = DesignKichinTimerTests;
			productReference = 5E6F4B4B18117F7600312CCD /* DesignKichinTimerTests.xctest */;
			productType = "com.apple.product-type.bundle.unit-test";
		};
/* End PBXNativeTarget section */

/* Begin PBXProject section */
		5E6F4B1F18117F7600312CCD /* Project object */ = {
			isa = PBXProject;
			attributes = {
				LastUpgradeCheck = 0500;
				ORGANIZATIONNAME = FoceSystemSolution;
				TargetAttributes = {
					5E6F4B4A18117F7600312CCD = {
						TestTargetID = 5E6F4B2618117F7600312CCD;
					};
				};
			};
			buildConfigurationList = 5E6F4B2218117F7600312CCD /* Build configuration list for PBXProject "DesignKichinTimer" */;
			compatibilityVersion = "Xcode 3.2";
			developmentRegion = English;
			hasScannedForEncodings = 0;
			knownRegions = (
				en,
				Base,
				ja,
				ar,
				ca,
				cs,
				da,
				de,
				el,
				es,
				fi,
				fr,
				he,
				hu,
				id,
				it,
				ko,
				ms,
				nb,
				nl,
				pl,
				"pt-BR",
				pt,
				ro,
				ru,
				sk,
				sv,
				th,
				tr,
				vi,
				"zh-Hans",
				"zh-Hant",
				"pt-PT",
				hr,
				uk,
			);
			mainGroup = 5E6F4B1E18117F7600312CCD;
			productRefGroup = 5E6F4B2818117F7600312CCD /* Products */;
			projectDirPath = "";
			projectRoot = "";
			targets = (
				5E6F4B2618117F7600312CCD /* DesignKichinTimer */,
				5E6F4B4A18117F7600312CCD /* DesignKichinTimerTests */,
			);
		};
/* End PBXProject section */

/* Begin PBXResourcesBuildPhase section */
		5E6F4B2518117F7600312CCD /* Resources */ = {
			isa = PBXResourcesBuildPhase;
			buildActionMask = 2147483647;
			files = (
				5E2480701856F5D80032AF77 /* IconVibTouch.png in Resources */,
				5E2480751856FE6B0032AF77 /* IconSndOff.png in Resources */,
				5E2809E318DADD1400A28373 /* Icon76@2x_pro.png in Resources */,
				5E2480681856ED3E0032AF77 /* IconVibOff.png in Resources */,
				5E4017A818D89A3400CE074E /* NADView_readme.txt in Resources */,
				5ECB0D371832173700103C18 /* pi_mono.mp3 in Resources */,
				5EF21EC81839260C00C079F0 /* Icon76.png in Resources */,
				5EA2C0A01811865E00B0FC3D /* .gitignore in Resources */,
				5E2809E118DADD1400A28373 /* Icon60@2x_pro.png in Resources */,
				5E23549A186DA7250055217F /* IconInfo.png in Resources */,
				5E711E4618191B0000E7AA83 /* .gitattributes in Resources */,
				5E8BC373185DF84600C2802E /* IconBigOn.png in Resources */,
				5E30A82B18D722E7001D468A /* batten33.png in Resources */,
				5E5DF03918438FB50098499A /* AdMob_README.txt in Resources */,
				5EF21EC91839260C00C079F0 /* Icon76@2x.png in Resources */,
				5E2480721856FD4D0032AF77 /* IconSndOn.png in Resources */,
				5EC2DCD21830A52A003E1D5C /* pi_old.mp3 in Resources */,
				5E4ECBD01866250E00578E1E /* IconInfoTouch.png in Resources */,
				5E2809E218DADD1400A28373 /* Icon76_pro.png in Resources */,
				5E8BC372185DF84600C2802E /* IconBigOff.png in Resources */,
				5E6F4B4118117F7600312CCD /* Main_iPad.storyboard in Resources */,
				5E42589718192B7F00171F1F /* Localizable.strings in Resources */,
				5E2480671856ED3E0032AF77 /* IconVibOn.png in Resources */,
				5E6F4B4618117F7600312CCD /* Images.xcassets in Resources */,
				5E2809E018DADD1400A28373 /* Icon60_pro.png in Resources */,
				5ECB0D271832038400103C18 /* piLong.mp3 in Resources */,
				5E2480761856FE6B0032AF77 /* IconSndTouch.png in Resources */,
				5E6F4B3E18117F7600312CCD /* Main_iPhone.storyboard in Resources */,
				5E8BC371185DF84600C2802E /* IconBigTouch.png in Resources */,
				5EF21ECA1839260C00C079F0 /* Icon60.png in Resources */,
				5EF21ECB1839260C00C079F0 /* Icon60@2x.png in Resources */,
				5E6F4B3518117F7600312CCD /* InfoPlist.strings in Resources */,
			);
			runOnlyForDeploymentPostprocessing = 0;
		};
		5E6F4B4918117F7600312CCD /* Resources */ = {
			isa = PBXResourcesBuildPhase;
			buildActionMask = 2147483647;
			files = (
				5E6F4B5718117F7700312CCD /* InfoPlist.strings in Resources */,
			);
			runOnlyForDeploymentPostprocessing = 0;
		};
/* End PBXResourcesBuildPhase section */

/* Begin PBXSourcesBuildPhase section */
		5E6F4B2318117F7600312CCD /* Sources */ = {
			isa = PBXSourcesBuildPhase;
			buildActionMask = 2147483647;
			files = (
				5E5DF028184377EC0098499A /* MyCntLabel.m in Sources */,
				5E6F4B4418117F7600312CCD /* ViewController.m in Sources */,
				5E4ECBD81866CD5900578E1E /* InfoViewController.m in Sources */,
				5E220DCD18425F3900D2ACB0 /* SoundOnFlag.m in Sources */,
				5E6F4B3B18117F7600312CCD /* AppDelegate.m in Sources */,
				5E5DF025184327510098499A /* MyModeBtn.m in Sources */,
				5E4ECBDD1867597900578E1E /* TriangleBtn.m in Sources */,
				5E220DD0184261F100D2ACB0 /* MySetBtn.m in Sources */,
				5E8BC36D185DE38500C2802E /* BtnZoomOnFlag.m in Sources */,
				5E4ECBE01868812E00578E1E /* MyInfoBtn.m in Sources */,
				5E24806118558F9F0032AF77 /* VibrateOnFlag.m in Sources */,
				5EDE0907185CBF8F00660FF9 /* ResetBtnScaleOnFlag.m in Sources */,
				5E6F4B3718117F7600312CCD /* main.m in Sources */,
			);
			runOnlyForDeploymentPostprocessing = 0;
		};
		5E6F4B4718117F7600312CCD /* Sources */ = {
			isa = PBXSourcesBuildPhase;
			buildActionMask = 2147483647;
			files = (
				5E6F4B5918117F7700312CCD /* DesignKichinTimerTests.m in Sources */,
			);
			runOnlyForDeploymentPostprocessing = 0;
		};
/* End PBXSourcesBuildPhase section */

/* Begin PBXTargetDependency section */
		5E6F4B5118117F7700312CCD /* PBXTargetDependency */ = {
			isa = PBXTargetDependency;
			target = 5E6F4B2618117F7600312CCD /* DesignKichinTimer */;
			targetProxy = 5E6F4B5018117F7700312CCD /* PBXContainerItemProxy */;
		};
/* End PBXTargetDependency section */

/* Begin PBXVariantGroup section */
		5E42589918192B7F00171F1F /* Localizable.strings */ = {
			isa = PBXVariantGroup;
			children = (
				5E42589818192B7F00171F1F /* Base */,
				5E42589A18192B8800171F1F /* ja */,
				5EF44FC0186B41E400E7494A /* en */,
				5EFF66A91870002D00F7D31E /* fr */,
				5EFF66AB1870004900F7D31E /* de */,
				5EFF66AD1870007300F7D31E /* es */,
				5EFF66AF1870007F00F7D31E /* it */,
				5EFF66B11870008900F7D31E /* pt */,
				5EFF66B51870009C00F7D31E /* nl */,
				5EFF66B7187000A500F7D31E /* sv */,
				5EFF66B9187000AF00F7D31E /* nb */,
				5EFF66BB187000B700F7D31E /* da */,
				5EFF66BD187000C000F7D31E /* fi */,
				5EFF66BF187000C900F7D31E /* ru */,
				5EFF66C1187000D500F7D31E /* pl */,
				5EFF66C3187000E100F7D31E /* zh-Hans */,
				5EFF66C5187000EA00F7D31E /* zh-Hant */,
				5EFF66C7187000F400F7D31E /* ko */,
				5EFF66C9187000FE00F7D31E /* ar */,
				5EFF66CB1870010700F7D31E /* cs */,
				5EFF66CD1870011100F7D31E /* hu */,
				5EFF66CF1870011900F7D31E /* tr */,
				5EFF66D11870012100F7D31E /* th */,
				5EFF66D31870012B00F7D31E /* hr */,
				5EFF66D51870013400F7D31E /* ca */,
				5EFF66D71870013D00F7D31E /* el */,
				5EFF66D91870014B00F7D31E /* he */,
				5EFF66DB1870015300F7D31E /* ro */,
				5EFF66DD1870015B00F7D31E /* sk */,
				5EFF66DF1870016400F7D31E /* uk */,
			);
			name = Localizable.strings;
			sourceTree = "<group>";
		};
		5E6F4B3318117F7600312CCD /* InfoPlist.strings */ = {
			isa = PBXVariantGroup;
			children = (
				5E42589418192B2600171F1F /* ja */,
				5EA0041F186B0E3000D1A625 /* Base */,
				5EF44FBE186B3DC800E7494A /* en */,
				5EFF66A81870002D00F7D31E /* fr */,
				5EFF66AA1870004900F7D31E /* de */,
				5EFF66AC1870007300F7D31E /* es */,
				5EFF66AE1870007F00F7D31E /* it */,
				5EFF66B01870008800F7D31E /* pt */,
				5EFF66B41870009C00F7D31E /* nl */,
				5EFF66B6187000A500F7D31E /* sv */,
				5EFF66B8187000AF00F7D31E /* nb */,
				5EFF66BA187000B700F7D31E /* da */,
				5EFF66BC187000C000F7D31E /* fi */,
				5EFF66BE187000C900F7D31E /* ru */,
				5EFF66C0187000D500F7D31E /* pl */,
				5EFF66C2187000E100F7D31E /* zh-Hans */,
				5EFF66C4187000EA00F7D31E /* zh-Hant */,
				5EFF66C6187000F400F7D31E /* ko */,
				5EFF66C8187000FE00F7D31E /* ar */,
				5EFF66CA1870010700F7D31E /* cs */,
				5EFF66CC1870011100F7D31E /* hu */,
				5EFF66CE1870011900F7D31E /* tr */,
				5EFF66D01870012100F7D31E /* th */,
				5EFF66D21870012B00F7D31E /* hr */,
				5EFF66D41870013400F7D31E /* ca */,
				5EFF66D61870013D00F7D31E /* el */,
				5EFF66D81870014B00F7D31E /* he */,
				5EFF66DA1870015300F7D31E /* ro */,
				5EFF66DC1870015B00F7D31E /* sk */,
				5EFF66DE1870016400F7D31E /* uk */,
			);
			name = InfoPlist.strings;
			sourceTree = "<group>";
		};
		5E6F4B3C18117F7600312CCD /* Main_iPhone.storyboard */ = {
			isa = PBXVariantGroup;
			children = (
				5E6F4B3D18117F7600312CCD /* Base */,
			);
			name = Main_iPhone.storyboard;
			path = DesignKichinTimer;
			sourceTree = "<group>";
		};
		5E6F4B3F18117F7600312CCD /* Main_iPad.storyboard */ = {
			isa = PBXVariantGroup;
			children = (
				5E6F4B4018117F7600312CCD /* Base */,
			);
			name = Main_iPad.storyboard;
			path = DesignKichinTimer;
			sourceTree = "<group>";
		};
		5E6F4B5518117F7700312CCD /* InfoPlist.strings */ = {
			isa = PBXVariantGroup;
			children = (
				5E6F4B5618117F7700312CCD /* en */,
			);
			name = InfoPlist.strings;
			sourceTree = "<group>";
		};
/* End PBXVariantGroup section */

/* Begin XCBuildConfiguration section */
		5E6F4B5A18117F7700312CCD /* Debug */ = {
			isa = XCBuildConfiguration;
			buildSettings = {
				ALWAYS_SEARCH_USER_PATHS = NO;
				ARCHS = "$(ARCHS_STANDARD_INCLUDING_64_BIT)";
				CLANG_CXX_LANGUAGE_STANDARD = "gnu++0x";
				CLANG_CXX_LIBRARY = "libc++";
				CLANG_ENABLE_MODULES = YES;
				CLANG_ENABLE_OBJC_ARC = YES;
				CLANG_WARN_BOOL_CONVERSION = YES;
				CLANG_WARN_CONSTANT_CONVERSION = YES;
				CLANG_WARN_DIRECT_OBJC_ISA_USAGE = YES_ERROR;
				CLANG_WARN_EMPTY_BODY = YES;
				CLANG_WARN_ENUM_CONVERSION = YES;
				CLANG_WARN_INT_CONVERSION = YES;
				CLANG_WARN_OBJC_ROOT_CLASS = YES_ERROR;
				CLANG_WARN__DUPLICATE_METHOD_MATCH = YES;
				CODE_SIGN_IDENTITY = "iPhone Distribution: Makoto Amano (GWL53QY8D7)";
				"CODE_SIGN_IDENTITY[sdk=iphoneos*]" = "iPhone Developer";
				COPY_PHASE_STRIP = NO;
				GCC_C_LANGUAGE_STANDARD = gnu99;
				GCC_DYNAMIC_NO_PIC = NO;
				GCC_OPTIMIZATION_LEVEL = 0;
				GCC_PREPROCESSOR_DEFINITIONS = (
					"DEBUG=1",
					"$(inherited)",
				);
				GCC_SYMBOLS_PRIVATE_EXTERN = NO;
				GCC_WARN_64_TO_32_BIT_CONVERSION = YES;
				GCC_WARN_ABOUT_RETURN_TYPE = YES_ERROR;
				GCC_WARN_UNDECLARED_SELECTOR = YES;
				GCC_WARN_UNINITIALIZED_AUTOS = YES;
				GCC_WARN_UNUSED_FUNCTION = YES;
				GCC_WARN_UNUSED_VARIABLE = YES;
				IPHONEOS_DEPLOYMENT_TARGET = 7.0;
				ONLY_ACTIVE_ARCH = YES;
				SDKROOT = iphoneos;
				TARGETED_DEVICE_FAMILY = "1,2";
			};
			name = Debug;
		};
		5E6F4B5B18117F7700312CCD /* Release */ = {
			isa = XCBuildConfiguration;
			buildSettings = {
				ALWAYS_SEARCH_USER_PATHS = NO;
				ARCHS = "$(ARCHS_STANDARD_INCLUDING_64_BIT)";
				CLANG_CXX_LANGUAGE_STANDARD = "gnu++0x";
				CLANG_CXX_LIBRARY = "libc++";
				CLANG_ENABLE_MODULES = YES;
				CLANG_ENABLE_OBJC_ARC = YES;
				CLANG_WARN_BOOL_CONVERSION = YES;
				CLANG_WARN_CONSTANT_CONVERSION = YES;
				CLANG_WARN_DIRECT_OBJC_ISA_USAGE = YES_ERROR;
				CLANG_WARN_EMPTY_BODY = YES;
				CLANG_WARN_ENUM_CONVERSION = YES;
				CLANG_WARN_INT_CONVERSION = YES;
				CLANG_WARN_OBJC_ROOT_CLASS = YES_ERROR;
				CLANG_WARN__DUPLICATE_METHOD_MATCH = YES;
				CODE_SIGN_IDENTITY = "iPhone Distribution: Makoto Amano (GWL53QY8D7)";
				"CODE_SIGN_IDENTITY[sdk=iphoneos*]" = "iPhone Developer";
				COPY_PHASE_STRIP = YES;
				ENABLE_NS_ASSERTIONS = NO;
				GCC_C_LANGUAGE_STANDARD = gnu99;
				GCC_WARN_64_TO_32_BIT_CONVERSION = YES;
				GCC_WARN_ABOUT_RETURN_TYPE = YES_ERROR;
				GCC_WARN_UNDECLARED_SELECTOR = YES;
				GCC_WARN_UNINITIALIZED_AUTOS = YES;
				GCC_WARN_UNUSED_FUNCTION = YES;
				GCC_WARN_UNUSED_VARIABLE = YES;
				IPHONEOS_DEPLOYMENT_TARGET = 7.0;
				SDKROOT = iphoneos;
				TARGETED_DEVICE_FAMILY = "1,2";
				VALIDATE_PRODUCT = YES;
			};
			name = Release;
		};
		5E6F4B5D18117F7700312CCD /* Debug */ = {
			isa = XCBuildConfiguration;
			buildSettings = {
				ASSETCATALOG_COMPILER_APPICON_NAME = AppIcon;
				ASSETCATALOG_COMPILER_LAUNCHIMAGE_NAME = LaunchImage;
				GCC_PRECOMPILE_PREFIX_HEADER = YES;
				GCC_PREFIX_HEADER = "DesignKichinTimer/DesignKichinTimer-Prefix.pch";
				HEADER_SEARCH_PATHS = "";
				INFOPLIST_FILE = DesignKichinTimer/Info.plist;
				INFOPLIST_PREFIX_HEADER = "";
				INFOPLIST_PREPROCESS = NO;
				IPHONEOS_DEPLOYMENT_TARGET = 7.0;
				LIBRARY_SEARCH_PATHS = (
					/Users/zzz/XCodeWorks/DesignKichinTimer,
					/Users/zzz/XCodeWorks/DesignKichinTimer/NendAd,
				);
				OTHER_LDFLAGS = "-ObjC";
				"OTHER_LDFLAGS[arch=*]" = "-ObjC";
				PRODUCT_NAME = "$(TARGET_NAME)";
				PROVISIONING_PROFILE = "";
				WRAPPER_EXTENSION = app;
			};
			name = Debug;
		};
		5E6F4B5E18117F7700312CCD /* Release */ = {
			isa = XCBuildConfiguration;
			buildSettings = {
				ASSETCATALOG_COMPILER_APPICON_NAME = AppIcon;
				ASSETCATALOG_COMPILER_LAUNCHIMAGE_NAME = LaunchImage;
				GCC_PRECOMPILE_PREFIX_HEADER = YES;
				GCC_PREFIX_HEADER = "DesignKichinTimer/DesignKichinTimer-Prefix.pch";
				HEADER_SEARCH_PATHS = "";
				INFOPLIST_FILE = DesignKichinTimer/Info.plist;
				INFOPLIST_PREFIX_HEADER = "";
				INFOPLIST_PREPROCESS = NO;
				IPHONEOS_DEPLOYMENT_TARGET = 7.0;
				LIBRARY_SEARCH_PATHS = (
					/Users/zzz/XCodeWorks/DesignKichinTimer,
					/Users/zzz/XCodeWorks/DesignKichinTimer/NendAd,
				);
				OTHER_LDFLAGS = "-all_load";
				"OTHER_LDFLAGS[arch=*]" = "-ObjC";
				PRODUCT_NAME = "$(TARGET_NAME)";
				PROVISIONING_PROFILE = "";
				WRAPPER_EXTENSION = app;
			};
			name = Release;
		};
		5E6F4B6018117F7700312CCD /* Debug */ = {
			isa = XCBuildConfiguration;
			buildSettings = {
				ARCHS = "$(ARCHS_STANDARD_INCLUDING_64_BIT)";
				BUNDLE_LOADER = "$(BUILT_PRODUCTS_DIR)/DesignKichinTimer.app/DesignKichinTimer";
				FRAMEWORK_SEARCH_PATHS = (
					"$(SDKROOT)/Developer/Library/Frameworks",
					"$(inherited)",
					"$(DEVELOPER_FRAMEWORKS_DIR)",
				);
				GCC_PRECOMPILE_PREFIX_HEADER = YES;
				GCC_PREFIX_HEADER = "DesignKichinTimer/DesignKichinTimer-Prefix.pch";
				GCC_PREPROCESSOR_DEFINITIONS = (
					"DEBUG=1",
					"$(inherited)",
				);
				INFOPLIST_FILE = "DesignKichinTimerTests/DesignKichinTimerTests-Info.plist";
				IPHONEOS_DEPLOYMENT_TARGET = 7.0;
				PRODUCT_NAME = "$(TARGET_NAME)";
				TEST_HOST = "$(BUNDLE_LOADER)";
				WRAPPER_EXTENSION = xctest;
			};
			name = Debug;
		};
		5E6F4B6118117F7700312CCD /* Release */ = {
			isa = XCBuildConfiguration;
			buildSettings = {
				ARCHS = "$(ARCHS_STANDARD_INCLUDING_64_BIT)";
				BUNDLE_LOADER = "$(BUILT_PRODUCTS_DIR)/DesignKichinTimer.app/DesignKichinTimer";
				FRAMEWORK_SEARCH_PATHS = (
					"$(SDKROOT)/Developer/Library/Frameworks",
					"$(inherited)",
					"$(DEVELOPER_FRAMEWORKS_DIR)",
				);
				GCC_PRECOMPILE_PREFIX_HEADER = YES;
				GCC_PREFIX_HEADER = "DesignKichinTimer/DesignKichinTimer-Prefix.pch";
				INFOPLIST_FILE = "DesignKichinTimerTests/DesignKichinTimerTests-Info.plist";
				IPHONEOS_DEPLOYMENT_TARGET = 7.0;
				PRODUCT_NAME = "$(TARGET_NAME)";
				TEST_HOST = "$(BUNDLE_LOADER)";
				WRAPPER_EXTENSION = xctest;
			};
			name = Release;
		};
/* End XCBuildConfiguration section */

/* Begin XCConfigurationList section */
		5E6F4B2218117F7600312CCD /* Build configuration list for PBXProject "DesignKichinTimer" */ = {
			isa = XCConfigurationList;
			buildConfigurations = (
				5E6F4B5A18117F7700312CCD /* Debug */,
				5E6F4B5B18117F7700312CCD /* Release */,
			);
			defaultConfigurationIsVisible = 0;
			defaultConfigurationName = Release;
		};
		5E6F4B5C18117F7700312CCD /* Build configuration list for PBXNativeTarget "DesignKichinTimer" */ = {
			isa = XCConfigurationList;
			buildConfigurations = (
				5E6F4B5D18117F7700312CCD /* Debug */,
				5E6F4B5E18117F7700312CCD /* Release */,
			);
			defaultConfigurationIsVisible = 0;
			defaultConfigurationName = Release;
		};
		5E6F4B5F18117F7700312CCD /* Build configuration list for PBXNativeTarget "DesignKichinTimerTests" */ = {
			isa = XCConfigurationList;
			buildConfigurations = (
				5E6F4B6018117F7700312CCD /* Debug */,
				5E6F4B6118117F7700312CCD /* Release */,
			);
			defaultConfigurationIsVisible = 0;
			defaultConfigurationName = Release;
		};
/* End XCConfigurationList section */
	};
	rootObject = 5E6F4B1F18117F7600312CCD /* Project object */;
}
